{
  "version": 4,
  "terraform_version": "1.15.4",
  "serial": 112,
  "lineage": "aa5319ef-293a-6c49-10a3-ed0dd05ff67f",
  "outputs": {
    "cluster_certificate_authority_data": {
      "value": "LS0tLS1CRUdJTiBDRVJUSUZJQ0FURS0tLS0tCk1JSURCVENDQWUyZ0F3SUJBZ0lJSlVHS0ZTMFdmWUF3RFFZSktvWklodmNOQVFFTEJRQXdGVEVUTUJFR0ExVUUKQXhNS2EzVmlaWEp1WlhSbGN6QWVGdzB5TmpBMk1EVXdOek01TlRaYUZ3MHpOakEyTURJd056UTBOVFphTUJVeApFekFSQmdOVkJBTVRDbXQxWW1WeWJtVjBaWE13Z2dFaU1BMEdDU3FHU0liM0RRRUJBUVVBQTRJQkR3QXdnZ0VLCkFvSUJBUUNkNDVveUJsTm5HREF4dXh3Slg0Qzk0TksvV0luY1FuTWY0T3MwaVRTNHNxR3FadTd0T3NtcUltU0wKcWZXczlYWWpsUXhEaDhjMzFHeVB6cDgxR0pFTVhTRXJQL0NXZHhzYm5DMnY3UHNxVFNFSm1ucTBjN0VWK0JIQgpFZWtlRi9Udk00UVhiUWdoS01qTkk4WSs0V1FQb3pXUXFQRUl2ZnJ5d1g2aWQ1TWZ3VnRFdVg2SVI4eUg0cmJ1ClJNbExoOEV1dU5Ydml4d0UxaVl4WGFjTXo4YXFLajU2aFFvaE1SVWpYeHkxZ1Zhc3p2TEVld0xjV01RNmErSzUKTmpOam1zV01KSlpBejM3YkZVU0xFS201Wlp5cHZyWUhPU2JyTzJkQXFSODZ2U21HL2NWdDJUU2NuSFAydy94aQpIYTJGaGxkWTJSRWprRUwrcUNEVjRtVEJTVHh4QWdNQkFBR2pXVEJYTUE0R0ExVWREd0VCL3dRRUF3SUNwREFQCkJnTlZIUk1CQWY4RUJUQURBUUgvTUIwR0ExVWREZ1FXQkJSZXI2bGIra1ZWNFQ4WUxCWnVUcDI1RndHQnl6QVYKQmdOVkhSRUVEakFNZ2dwcmRXSmxjbTVsZEdWek1BMEdDU3FHU0liM0RRRUJDd1VBQTRJQkFRQmxoa0g4Nnp6aAoza3NwK2ltRTZqaUhiNHFFeEdpZ3p3ZEJnc0ZoemlVK1RYL3RjR0tmT0tZTkJjL3hCdUFheUgvUlI1Tllxc2dGCndBRnBFNlRpaGloYkNVc1RhSEpQTGhOVmNEQmNxUHROYnN6VHdTS1JRWE0xTkpBRklHM1pJZ0YxZHdnZEZTUEEKVUptWUNtZk1ybGFXbXJ0elFwUDNTVm9TSXhuQ3U0Yk5Bc2JBdytSeGJHY3pDMGViS3hzTVhkYXUxeXI5enlyVwpUenZscVMyMlR3eTVRNXBnalU2RUY2Y2QzT2hzWFBOTy9TbjVPQVNOZGMvSElJZnBEZXBKWkh6dFZaQ0xYMjgzCnBFSW1saytnSStPWG9GY2FZazFrTFowWUdRMHYyZEFpZmxKclVNYjMwTmRGVHdFS2dhL0haK0pwT1FMQ215QVoKUzBEMWlVWTRIUmNhCi0tLS0tRU5EIENFUlRJRklDQVRFLS0tLS0K",
      "type": "string"
    },
    "cluster_endpoint": {
      "value": "https://6F3BD496953EA9B89807EE23091D0187.gr7.us-east-1.eks.amazonaws.com",
      "type": "string"
    },
    "cluster_name": {
      "value": "task-mgmt-eks",
      "type": "string"
    },
    "ecr_task_service": {
      "value": "636449817691.dkr.ecr.us-east-1.amazonaws.com/task-service",
      "type": "string"
    },
    "ecr_ui_service": {
      "value": "636449817691.dkr.ecr.us-east-1.amazonaws.com/ui-service",
      "type": "string"
    },
    "ecr_user_service": {
      "value": "636449817691.dkr.ecr.us-east-1.amazonaws.com/user-service",
      "type": "string"
    }
  },
  "resources": [
    {
      "mode": "data",
      "type": "aws_subnets",
      "name": "all_default",
      "provider": "provider[\"registry.terraform.io/hashicorp/aws\"]",
      "instances": [
        {
          "schema_version": 0,
          "attributes": {
            "filter": [
              {
                "name": "vpc-id",
                "values": [
                  "vpc-011387dbc6b6df766"
                ]
              }
            ],
            "id": "us-east-1",
            "ids": [
              "subnet-03802c2d169454fb1",
              "subnet-088cb3021e5f52383",
              "subnet-0f1714625d47867e9",
              "subnet-08d9e4a6636123241",
              "subnet-0e153a931e63d4044",
              "subnet-0673b4c0ffee568b8"
            ],
            "region": "us-east-1",
            "tags": null,
            "timeouts": null
          },
          "sensitive_attributes": [],
          "identity_schema_version": 0
        }
      ]
    },
    {
      "mode": "data",
      "type": "aws_subnets",
      "name": "default",
      "provider": "provider[\"registry.terraform.io/hashicorp/aws\"]",
      "instances": [
        {
          "schema_version": 0,
          "attributes": {
            "filter": [
              {
                "name": "availability-zone",
                "values": [
                  "us-east-1a",
                  "us-east-1b",
                  "us-east-1c",
                  "us-east-1d",
                  "us-east-1f"
                ]
              },
              {
                "name": "vpc-id",
                "values": [
                  "vpc-011387dbc6b6df766"
                ]
              }
            ],
            "id": "us-east-1",
            "ids": [
              "subnet-03802c2d169454fb1",
              "subnet-0f1714625d47867e9",
              "subnet-08d9e4a6636123241",
              "subnet-0e153a931e63d4044",
              "subnet-0673b4c0ffee568b8"
            ],
            "region": "us-east-1",
            "tags": null,
            "timeouts": null
          },
          "sensitive_attributes": [],
          "identity_schema_version": 0
        }
      ]
    },
    {
      "mode": "data",
      "type": "aws_vpc",
      "name": "default",
      "provider": "provider[\"registry.terraform.io/hashicorp/aws\"]",
      "instances": [
        {
          "schema_version": 0,
          "attributes": {
            "arn": "arn:aws:ec2:us-east-1:636449817691:vpc/vpc-011387dbc6b6df766",
            "cidr_block": "172.31.0.0/16",
            "cidr_block_associations": [
              {
                "association_id": "vpc-cidr-assoc-0d375e4d1f1900f7c",
                "cidr_block": "172.31.0.0/16",
                "state": "associated"
              }
            ],
            "default": true,
            "dhcp_options_id": "dopt-0691111c1afa9e132",
            "enable_dns_hostnames": true,
            "enable_dns_support": true,
            "enable_network_address_usage_metrics": false,
            "filter": null,
            "id": "vpc-011387dbc6b6df766",
            "instance_tenancy": "default",
            "ipv6_association_id": "",
            "ipv6_cidr_block": "",
            "main_route_table_id": "rtb-06433353d6d3251ce",
            "owner_id": "636449817691",
            "region": "us-east-1",
            "state": null,
            "tags": {},
            "timeouts": null
          },
          "sensitive_attributes": [],
          "identity_schema_version": 0
        }
      ]
    },
    {
      "mode": "managed",
      "type": "aws_ecr_repository",
      "name": "task_service",
      "provider": "provider[\"registry.terraform.io/hashicorp/aws\"]",
      "instances": [
        {
          "schema_version": 0,
          "attributes": {
            "arn": "arn:aws:ecr:us-east-1:636449817691:repository/task-service",
            "encryption_configuration": [
              {
                "encryption_type": "AES256",
                "kms_key": ""
              }
            ],
            "force_delete": null,
            "id": "task-service",
            "image_scanning_configuration": [
              {
                "scan_on_push": false
              }
            ],
            "image_tag_mutability": "MUTABLE",
            "image_tag_mutability_exclusion_filter": [],
            "name": "task-service",
            "region": "us-east-1",
            "registry_id": "636449817691",
            "repository_url": "636449817691.dkr.ecr.us-east-1.amazonaws.com/task-service",
            "tags": null,
            "tags_all": {},
            "timeouts": null
          },
          "sensitive_attributes": [],
          "identity_schema_version": 0,
          "identity": {
            "account_id": "636449817691",
            "name": "task-service",
            "region": "us-east-1"
          },
          "private": "eyJlMmJmYjczMC1lY2FhLTExZTYtOGY4OC0zNDM2M2JjN2M0YzAiOnsiZGVsZXRlIjoxMjAwMDAwMDAwMDAwfX0="
        }
      ]
    },
    {
      "mode": "managed",
      "type": "aws_ecr_repository",
      "name": "ui_service",
      "provider": "provider[\"registry.terraform.io/hashicorp/aws\"]",
      "instances": [
        {
          "schema_version": 0,
          "attributes": {
            "arn": "arn:aws:ecr:us-east-1:636449817691:repository/ui-service",
            "encryption_configuration": [
              {
                "encryption_type": "AES256",
                "kms_key": ""
              }
            ],
            "force_delete": null,
            "id": "ui-service",
            "image_scanning_configuration": [
              {
                "scan_on_push": false
              }
            ],
            "image_tag_mutability": "MUTABLE",
            "image_tag_mutability_exclusion_filter": [],
            "name": "ui-service",
            "region": "us-east-1",
            "registry_id": "636449817691",
            "repository_url": "636449817691.dkr.ecr.us-east-1.amazonaws.com/ui-service",
            "tags": null,
            "tags_all": {},
            "timeouts": null
          },
          "sensitive_attributes": [],
          "identity_schema_version": 0,
          "identity": {
            "account_id": "636449817691",
            "name": "ui-service",
            "region": "us-east-1"
          },
          "private": "eyJlMmJmYjczMC1lY2FhLTExZTYtOGY4OC0zNDM2M2JjN2M0YzAiOnsiZGVsZXRlIjoxMjAwMDAwMDAwMDAwfX0="
        }
      ]
    },
    {
      "mode": "managed",
      "type": "aws_ecr_repository",
      "name": "user_service",
      "provider": "provider[\"registry.terraform.io/hashicorp/aws\"]",
      "instances": [
        {
          "schema_version": 0,
          "attributes": {
            "arn": "arn:aws:ecr:us-east-1:636449817691:repository/user-service",
            "encryption_configuration": [
              {
                "encryption_type": "AES256",
                "kms_key": ""
              }
            ],
            "force_delete": null,
            "id": "user-service",
            "image_scanning_configuration": [
              {
                "scan_on_push": false
              }
            ],
            "image_tag_mutability": "MUTABLE",
            "image_tag_mutability_exclusion_filter": [],
            "name": "user-service",
            "region": "us-east-1",
            "registry_id": "636449817691",
            "repository_url": "636449817691.dkr.ecr.us-east-1.amazonaws.com/user-service",
            "tags": null,
            "tags_all": {},
            "timeouts": null
          },
          "sensitive_attributes": [],
          "identity_schema_version": 0,
          "identity": {
            "account_id": "636449817691",
            "name": "user-service",
            "region": "us-east-1"
          },
          "private": "eyJlMmJmYjczMC1lY2FhLTExZTYtOGY4OC0zNDM2M2JjN2M0YzAiOnsiZGVsZXRlIjoxMjAwMDAwMDAwMDAwfX0="
        }
      ]
    },
    {
      "mode": "managed",
      "type": "aws_eks_cluster",
      "name": "cluster",
      "provider": "provider[\"registry.terraform.io/hashicorp/aws\"]",
      "instances": [
        {
          "schema_version": 1,
          "attributes": {
            "access_config": [
              {
                "authentication_mode": "CONFIG_MAP",
                "bootstrap_cluster_creator_admin_permissions": true
              }
            ],
            "arn": "arn:aws:eks:us-east-1:636449817691:cluster/task-mgmt-eks",
            "bootstrap_self_managed_addons": true,
            "certificate_authority": [
              {
                "data": "LS0tLS1CRUdJTiBDRVJUSUZJQ0FURS0tLS0tCk1JSURCVENDQWUyZ0F3SUJBZ0lJSlVHS0ZTMFdmWUF3RFFZSktvWklodmNOQVFFTEJRQXdGVEVUTUJFR0ExVUUKQXhNS2EzVmlaWEp1WlhSbGN6QWVGdzB5TmpBMk1EVXdOek01TlRaYUZ3MHpOakEyTURJd056UTBOVFphTUJVeApFekFSQmdOVkJBTVRDbXQxWW1WeWJtVjBaWE13Z2dFaU1BMEdDU3FHU0liM0RRRUJBUVVBQTRJQkR3QXdnZ0VLCkFvSUJBUUNkNDVveUJsTm5HREF4dXh3Slg0Qzk0TksvV0luY1FuTWY0T3MwaVRTNHNxR3FadTd0T3NtcUltU0wKcWZXczlYWWpsUXhEaDhjMzFHeVB6cDgxR0pFTVhTRXJQL0NXZHhzYm5DMnY3UHNxVFNFSm1ucTBjN0VWK0JIQgpFZWtlRi9Udk00UVhiUWdoS01qTkk4WSs0V1FQb3pXUXFQRUl2ZnJ5d1g2aWQ1TWZ3VnRFdVg2SVI4eUg0cmJ1ClJNbExoOEV1dU5Ydml4d0UxaVl4WGFjTXo4YXFLajU2aFFvaE1SVWpYeHkxZ1Zhc3p2TEVld0xjV01RNmErSzUKTmpOam1zV01KSlpBejM3YkZVU0xFS201Wlp5cHZyWUhPU2JyTzJkQXFSODZ2U21HL2NWdDJUU2NuSFAydy94aQpIYTJGaGxkWTJSRWprRUwrcUNEVjRtVEJTVHh4QWdNQkFBR2pXVEJYTUE0R0ExVWREd0VCL3dRRUF3SUNwREFQCkJnTlZIUk1CQWY4RUJUQURBUUgvTUIwR0ExVWREZ1FXQkJSZXI2bGIra1ZWNFQ4WUxCWnVUcDI1RndHQnl6QVYKQmdOVkhSRUVEakFNZ2dwcmRXSmxjbTVsZEdWek1BMEdDU3FHU0liM0RRRUJDd1VBQTRJQkFRQmxoa0g4Nnp6aAoza3NwK2ltRTZqaUhiNHFFeEdpZ3p3ZEJnc0ZoemlVK1RYL3RjR0tmT0tZTkJjL3hCdUFheUgvUlI1Tllxc2dGCndBRnBFNlRpaGloYkNVc1RhSEpQTGhOVmNEQmNxUHROYnN6VHdTS1JRWE0xTkpBRklHM1pJZ0YxZHdnZEZTUEEKVUptWUNtZk1ybGFXbXJ0elFwUDNTVm9TSXhuQ3U0Yk5Bc2JBdytSeGJHY3pDMGViS3hzTVhkYXUxeXI5enlyVwpUenZscVMyMlR3eTVRNXBnalU2RUY2Y2QzT2hzWFBOTy9TbjVPQVNOZGMvSElJZnBEZXBKWkh6dFZaQ0xYMjgzCnBFSW1saytnSStPWG9GY2FZazFrTFowWUdRMHYyZEFpZmxKclVNYjMwTmRGVHdFS2dhL0haK0pwT1FMQ215QVoKUzBEMWlVWTRIUmNhCi0tLS0tRU5EIENFUlRJRklDQVRFLS0tLS0K"
              }
            ],
            "cluster_id": null,
            "compute_config": [
              {
                "enabled": false,
                "node_pools": [],
                "node_role_arn": ""
              }
            ],
            "control_plane_scaling_config": [
              {
                "tier": "standard"
              }
            ],
            "created_at": "2026-06-05T07:39:24Z",
            "deletion_protection": false,
            "enabled_cluster_log_types": null,
            "encryption_config": [],
            "endpoint": "https://6F3BD496953EA9B89807EE23091D0187.gr7.us-east-1.eks.amazonaws.com",
            "force_update_version": null,
            "id": "task-mgmt-eks",
            "identity": [
              {
                "oidc": [
                  {
                    "issuer": "https://oidc.eks.us-east-1.amazonaws.com/id/6F3BD496953EA9B89807EE23091D0187"
                  }
                ]
              }
            ],
            "kubernetes_network_config": [
              {
                "elastic_load_balancing": [
                  {
                    "enabled": false
                  }
                ],
                "ip_family": "ipv4",
                "service_ipv4_cidr": "10.100.0.0/16",
                "service_ipv6_cidr": ""
              }
            ],
            "name": "task-mgmt-eks",
            "outpost_config": [],
            "platform_version": "eks.68",
            "region": "us-east-1",
            "remote_network_config": [],
            "role_arn": "arn:aws:iam::636449817691:role/c205024a5229197l15172502t1w636449-LabEksClusterRole-kgd2HEESo9vA",
            "status": "ACTIVE",
            "storage_config": [
              {
                "block_storage": [
                  {
                    "enabled": false
                  }
                ]
              }
            ],
            "tags": null,
            "tags_all": {},
            "timeouts": null,
            "upgrade_policy": [
              {
                "support_type": "EXTENDED"
              }
            ],
            "version": "1.30",
            "vpc_config": [
              {
                "cluster_security_group_id": "sg-076d33138e32cfa1d",
                "endpoint_private_access": false,
                "endpoint_public_access": true,
                "public_access_cidrs": [
                  "0.0.0.0/0"
                ],
                "security_group_ids": null,
                "subnet_ids": [
                  "subnet-03802c2d169454fb1",
                  "subnet-0f1714625d47867e9"
                ],
                "vpc_id": "vpc-011387dbc6b6df766"
              }
            ],
            "zonal_shift_config": []
          },
          "sensitive_attributes": [],
          "identity_schema_version": 0,
          "identity": {
            "account_id": "636449817691",
            "name": "task-mgmt-eks",
            "region": "us-east-1"
          },
          "private": "eyJlMmJmYjczMC1lY2FhLTExZTYtOGY4OC0zNDM2M2JjN2M0YzAiOnsiY3JlYXRlIjoxODAwMDAwMDAwMDAwLCJkZWxldGUiOjkwMDAwMDAwMDAwMCwidXBkYXRlIjozNjAwMDAwMDAwMDAwfSwic2NoZW1hX3ZlcnNpb24iOiIxIn0=",
          "dependencies": [
            "data.aws_subnets.default",
            "data.aws_vpc.default"
          ]
        }
      ]
    },
    {
      "mode": "managed",
      "type": "aws_eks_node_group",
      "name": "nodes",
      "provider": "provider[\"registry.terraform.io/hashicorp/aws\"]",
      "instances": [
        {
          "schema_version": 0,
          "attributes": {
            "ami_type": "AL2_x86_64",
            "arn": "arn:aws:eks:us-east-1:636449817691:nodegroup/task-mgmt-eks/task-mgmt-eks-nodes/52cf4b5f-c62e-a194-20df-afcc34807920",
            "capacity_type": "ON_DEMAND",
            "cluster_name": "task-mgmt-eks",
            "disk_size": 20,
            "force_update_version": null,
            "id": "task-mgmt-eks:task-mgmt-eks-nodes",
            "instance_types": [
              "t3.small"
            ],
            "labels": null,
            "launch_template": [],
            "node_group_name": "task-mgmt-eks-nodes",
            "node_group_name_prefix": "",
            "node_repair_config": [],
            "node_role_arn": "arn:aws:iam::636449817691:role/c205024a5229197l15172502t1w636449817-LabEksNodeRole-q2BHMAVYjyoL",
            "region": "us-east-1",
            "release_version": "1.30.14-20251209",
            "remote_access": [],
            "resources": [
              {
                "autoscaling_groups": [
                  {
                    "name": "eks-task-mgmt-eks-nodes-52cf4b5f-c62e-a194-20df-afcc34807920"
                  }
                ],
                "remote_access_security_group_id": ""
              }
            ],
            "scaling_config": [
              {
                "desired_size": 1,
                "max_size": 2,
                "min_size": 1
              }
            ],
            "status": "ACTIVE",
            "subnet_ids": [
              "subnet-03802c2d169454fb1",
              "subnet-0f1714625d47867e9"
            ],
            "tags": null,
            "tags_all": {},
            "taint": [],
            "timeouts": null,
            "update_config": [
              {
                "max_unavailable": 1,
                "max_unavailable_percentage": 0,
                "update_strategy": ""
              }
            ],
            "version": "1.30"
          },
          "sensitive_attributes": [],
          "identity_schema_version": 0,
          "identity": {
            "account_id": "636449817691",
            "cluster_name": "task-mgmt-eks",
            "node_group_name": "task-mgmt-eks-nodes",
            "region": "us-east-1"
          },
          "private": "eyJlMmJmYjczMC1lY2FhLTExZTYtOGY4OC0zNDM2M2JjN2M0YzAiOnsiY3JlYXRlIjozNjAwMDAwMDAwMDAwLCJkZWxldGUiOjM2MDAwMDAwMDAwMDAsInVwZGF0ZSI6MzYwMDAwMDAwMDAwMH19",
          "dependencies": [
            "aws_eks_cluster.cluster",
            "data.aws_subnets.default",
            "data.aws_vpc.default"
          ]
        }
      ]
    }
  ],
  "check_results": null
}
