{
  "version": 4,
  "terraform_version": "1.15.4",
  "serial": 118,
  "lineage": "aa5319ef-293a-6c49-10a3-ed0dd05ff67f",
  "outputs": {
    "cluster_certificate_authority_data": {
      "value": "LS0tLS1CRUdJTiBDRVJUSUZJQ0FURS0tLS0tCk1JSURCVENDQWUyZ0F3SUJBZ0lJUXUrT0tGQVFUZ2t3RFFZSktvWklodmNOQVFFTEJRQXdGVEVUTUJFR0ExVUUKQXhNS2EzVmlaWEp1WlhSbGN6QWVGdzB5TmpBMk1EVXhNREUwTURsYUZ3MHpOakEyTURJeE1ERTVNRGxhTUJVeApFekFSQmdOVkJBTVRDbXQxWW1WeWJtVjBaWE13Z2dFaU1BMEdDU3FHU0liM0RRRUJBUVVBQTRJQkR3QXdnZ0VLCkFvSUJBUURJdGhvNU9HTTJFQmZoTS9tNmk0cW9mNnZPU3JWUXhDS3RYcHVYaUIvRjJxckZickd0NkRCZzZISDIKMlJQcGxqQktwOEFTVC9DMVRLUFZDTkg0OFBDY2loRGRMSnA3YTFKSGRKRjlGcUVOUEI3Mkt3aHhwWUM0Ynk2cgpvWDVGNGV4b2NvYWJHbnhYYjR6clJFekRGRkdsU2ZZWDhMSnpCTDVicFBrRUJCb2Z5OUxWOU4xaFdCRTJqY0pTCkNaR3gwR2s2MUowc1l1MUlIblZtK0lldDNWWDlpamcvdmthSVg2eGk1emVrejRyWWcveGs3c0NsRGt0VjR5a2QKcnV0Smt5TDFmTFAzRENIME01S29lcWxlOFBBWmQvcU5VTUVlUTViOEN5NGZUZ2VkV2paWEZ5N2RYbDljaGRZUQpwYzZiN3hic0pDdXRrUTZaYUNvVEd4ajlxY09iQWdNQkFBR2pXVEJYTUE0R0ExVWREd0VCL3dRRUF3SUNwREFQCkJnTlZIUk1CQWY4RUJUQURBUUgvTUIwR0ExVWREZ1FXQkJUQitGaDFrQlJ4eURqaXFzejllL0h6OWJ6bWhEQVYKQmdOVkhSRUVEakFNZ2dwcmRXSmxjbTVsZEdWek1BMEdDU3FHU0liM0RRRUJDd1VBQTRJQkFRQ0RTUlk1Q3RhTgpGNVJXaDQ0bDREZHp6MG5ER3UyTjE4R2YwejlnSHdBcXZOWlJUUXBNWjdoUkhnbExvb3pGNVo5RzA4d2RwYUJkCm5FZVRhWE5HVGdoZVMyVFVOUEk0SEcxb0cxL2FDS2xWSFZUQVpvQnBVWmRKdDJmMjhoVkZyTm1xSmNQWlBmVjQKbTRRWjZrOVJCZTVucVBNMjV0WnVFODVYQ3hBY0xvcUNHUGN4eXRjeXEwanR6VzhLc1kyem5YcHplSjM0Z3RXdQpZRllRaytRb2hyV0FRM01BK3pBbjJ6bXJxbS9UbEt3ckxTeWV3SUNXYm9DZmRkdVFWcC9oN3RZd2pvWHpvbnIyCjVkcHppY0UydmtBUHkzeDdYOElLQVN2c3BBVXdnZFRuRUZRQ1N5TWZpMGl1WWZJd0RhbEZBK1UraWVhY3J3djQKODREdnpwV1dVcUxCCi0tLS0tRU5EIENFUlRJRklDQVRFLS0tLS0K",
      "type": "string"
    },
    "cluster_endpoint": {
      "value": "https://B8E080603ED7FAD535C6659AE1D1C212.gr7.us-east-1.eks.amazonaws.com",
      "type": "string"
    },
    "cluster_name": {
      "value": "task-mgmt-eks",
      "type": "string"
    },
    "ecr_task_service": {
      "value": "636449817691.dkr.ecr.us-east-1.amazonaws.com/task-service",
      "type": "string"
    },
    "ecr_ui_service": {
      "value": "636449817691.dkr.ecr.us-east-1.amazonaws.com/ui-service",
      "type": "string"
    },
    "ecr_user_service": {
      "value": "636449817691.dkr.ecr.us-east-1.amazonaws.com/user-service",
      "type": "string"
    }
  },
  "resources": [
    {
      "mode": "data",
      "type": "aws_subnets",
      "name": "all_default",
      "provider": "provider[\"registry.terraform.io/hashicorp/aws\"]",
      "instances": [
        {
          "schema_version": 0,
          "attributes": {
            "filter": [
              {
                "name": "vpc-id",
                "values": [
                  "vpc-0b62b0a0604950273"
                ]
              }
            ],
            "id": "us-east-1",
            "ids": [
              "subnet-0ece104c69f6169ba",
              "subnet-09f93a2b9f38507cc",
              "subnet-09a1a82ff0fe8a734",
              "subnet-0ecee2ee54304cd43",
              "subnet-05ee1d0d37ec79852",
              "subnet-084b97b1aad31a630"
            ],
            "region": "us-east-1",
            "tags": null,
            "timeouts": null
          },
          "sensitive_attributes": [],
          "identity_schema_version": 0
        }
      ]
    },
    {
      "mode": "data",
      "type": "aws_subnets",
      "name": "default",
      "provider": "provider[\"registry.terraform.io/hashicorp/aws\"]",
      "instances": [
        {
          "schema_version": 0,
          "attributes": {
            "filter": [
              {
                "name": "availability-zone",
                "values": [
                  "us-east-1a",
                  "us-east-1b",
                  "us-east-1c",
                  "us-east-1d",
                  "us-east-1f"
                ]
              },
              {
                "name": "vpc-id",
                "values": [
                  "vpc-0b62b0a0604950273"
                ]
              }
            ],
            "id": "us-east-1",
            "ids": [
              "subnet-0ece104c69f6169ba",
              "subnet-09f93a2b9f38507cc",
              "subnet-09a1a82ff0fe8a734",
              "subnet-0ecee2ee54304cd43",
              "subnet-084b97b1aad31a630"
            ],
            "region": "us-east-1",
            "tags": null,
            "timeouts": null
          },
          "sensitive_attributes": [],
          "identity_schema_version": 0
        }
      ]
    },
    {
      "mode": "data",
      "type": "aws_vpc",
      "name": "default",
      "provider": "provider[\"registry.terraform.io/hashicorp/aws\"]",
      "instances": [
        {
          "schema_version": 0,
          "attributes": {
            "arn": "arn:aws:ec2:us-east-1:636449817691:vpc/vpc-0b62b0a0604950273",
            "cidr_block": "172.31.0.0/16",
            "cidr_block_associations": [
              {
                "association_id": "vpc-cidr-assoc-009a3549cebdad147",
                "cidr_block": "172.31.0.0/16",
                "state": "associated"
              }
            ],
            "default": true,
            "dhcp_options_id": "dopt-012df9539028551e5",
            "enable_dns_hostnames": true,
            "enable_dns_support": true,
            "enable_network_address_usage_metrics": false,
            "filter": null,
            "id": "vpc-0b62b0a0604950273",
            "instance_tenancy": "default",
            "ipv6_association_id": "",
            "ipv6_cidr_block": "",
            "main_route_table_id": "rtb-0e544a888a2017184",
            "owner_id": "636449817691",
            "region": "us-east-1",
            "state": null,
            "tags": {},
            "timeouts": null
          },
          "sensitive_attributes": [],
          "identity_schema_version": 0
        }
      ]
    },
    {
      "mode": "managed",
      "type": "aws_ecr_repository",
      "name": "task_service",
      "provider": "provider[\"registry.terraform.io/hashicorp/aws\"]",
      "instances": [
        {
          "schema_version": 0,
          "attributes": {
            "arn": "arn:aws:ecr:us-east-1:636449817691:repository/task-service",
            "encryption_configuration": [
              {
                "encryption_type": "AES256",
                "kms_key": ""
              }
            ],
            "force_delete": null,
            "id": "task-service",
            "image_scanning_configuration": [
              {
                "scan_on_push": false
              }
            ],
            "image_tag_mutability": "MUTABLE",
            "image_tag_mutability_exclusion_filter": [],
            "name": "task-service",
            "region": "us-east-1",
            "registry_id": "636449817691",
            "repository_url": "636449817691.dkr.ecr.us-east-1.amazonaws.com/task-service",
            "tags": null,
            "tags_all": {},
            "timeouts": null
          },
          "sensitive_attributes": [],
          "identity_schema_version": 0,
          "identity": {
            "account_id": "636449817691",
            "name": "task-service",
            "region": "us-east-1"
          },
          "private": "eyJlMmJmYjczMC1lY2FhLTExZTYtOGY4OC0zNDM2M2JjN2M0YzAiOnsiZGVsZXRlIjoxMjAwMDAwMDAwMDAwfX0="
        }
      ]
    },
    {
      "mode": "managed",
      "type": "aws_ecr_repository",
      "name": "ui_service",
      "provider": "provider[\"registry.terraform.io/hashicorp/aws\"]",
      "instances": [
        {
          "schema_version": 0,
          "attributes": {
            "arn": "arn:aws:ecr:us-east-1:636449817691:repository/ui-service",
            "encryption_configuration": [
              {
                "encryption_type": "AES256",
                "kms_key": ""
              }
            ],
            "force_delete": null,
            "id": "ui-service",
            "image_scanning_configuration": [
              {
                "scan_on_push": false
              }
            ],
            "image_tag_mutability": "MUTABLE",
            "image_tag_mutability_exclusion_filter": [],
            "name": "ui-service",
            "region": "us-east-1",
            "registry_id": "636449817691",
            "repository_url": "636449817691.dkr.ecr.us-east-1.amazonaws.com/ui-service",
            "tags": null,
            "tags_all": {},
            "timeouts": null
          },
          "sensitive_attributes": [],
          "identity_schema_version": 0,
          "identity": {
            "account_id": "636449817691",
            "name": "ui-service",
            "region": "us-east-1"
          },
          "private": "eyJlMmJmYjczMC1lY2FhLTExZTYtOGY4OC0zNDM2M2JjN2M0YzAiOnsiZGVsZXRlIjoxMjAwMDAwMDAwMDAwfX0="
        }
      ]
    },
    {
      "mode": "managed",
      "type": "aws_ecr_repository",
      "name": "user_service",
      "provider": "provider[\"registry.terraform.io/hashicorp/aws\"]",
      "instances": [
        {
          "schema_version": 0,
          "attributes": {
            "arn": "arn:aws:ecr:us-east-1:636449817691:repository/user-service",
            "encryption_configuration": [
              {
                "encryption_type": "AES256",
                "kms_key": ""
              }
            ],
            "force_delete": null,
            "id": "user-service",
            "image_scanning_configuration": [
              {
                "scan_on_push": false
              }
            ],
            "image_tag_mutability": "MUTABLE",
            "image_tag_mutability_exclusion_filter": [],
            "name": "user-service",
            "region": "us-east-1",
            "registry_id": "636449817691",
            "repository_url": "636449817691.dkr.ecr.us-east-1.amazonaws.com/user-service",
            "tags": null,
            "tags_all": {},
            "timeouts": null
          },
          "sensitive_attributes": [],
          "identity_schema_version": 0,
          "identity": {
            "account_id": "636449817691",
            "name": "user-service",
            "region": "us-east-1"
          },
          "private": "eyJlMmJmYjczMC1lY2FhLTExZTYtOGY4OC0zNDM2M2JjN2M0YzAiOnsiZGVsZXRlIjoxMjAwMDAwMDAwMDAwfX0="
        }
      ]
    },
    {
      "mode": "managed",
      "type": "aws_eks_cluster",
      "name": "cluster",
      "provider": "provider[\"registry.terraform.io/hashicorp/aws\"]",
      "instances": [
        {
          "schema_version": 1,
          "attributes": {
            "access_config": [
              {
                "authentication_mode": "CONFIG_MAP",
                "bootstrap_cluster_creator_admin_permissions": true
              }
            ],
            "arn": "arn:aws:eks:us-east-1:636449817691:cluster/task-mgmt-eks",
            "bootstrap_self_managed_addons": true,
            "certificate_authority": [
              {
                "data": "LS0tLS1CRUdJTiBDRVJUSUZJQ0FURS0tLS0tCk1JSURCVENDQWUyZ0F3SUJBZ0lJUXUrT0tGQVFUZ2t3RFFZSktvWklodmNOQVFFTEJRQXdGVEVUTUJFR0ExVUUKQXhNS2EzVmlaWEp1WlhSbGN6QWVGdzB5TmpBMk1EVXhNREUwTURsYUZ3MHpOakEyTURJeE1ERTVNRGxhTUJVeApFekFSQmdOVkJBTVRDbXQxWW1WeWJtVjBaWE13Z2dFaU1BMEdDU3FHU0liM0RRRUJBUVVBQTRJQkR3QXdnZ0VLCkFvSUJBUURJdGhvNU9HTTJFQmZoTS9tNmk0cW9mNnZPU3JWUXhDS3RYcHVYaUIvRjJxckZickd0NkRCZzZISDIKMlJQcGxqQktwOEFTVC9DMVRLUFZDTkg0OFBDY2loRGRMSnA3YTFKSGRKRjlGcUVOUEI3Mkt3aHhwWUM0Ynk2cgpvWDVGNGV4b2NvYWJHbnhYYjR6clJFekRGRkdsU2ZZWDhMSnpCTDVicFBrRUJCb2Z5OUxWOU4xaFdCRTJqY0pTCkNaR3gwR2s2MUowc1l1MUlIblZtK0lldDNWWDlpamcvdmthSVg2eGk1emVrejRyWWcveGs3c0NsRGt0VjR5a2QKcnV0Smt5TDFmTFAzRENIME01S29lcWxlOFBBWmQvcU5VTUVlUTViOEN5NGZUZ2VkV2paWEZ5N2RYbDljaGRZUQpwYzZiN3hic0pDdXRrUTZaYUNvVEd4ajlxY09iQWdNQkFBR2pXVEJYTUE0R0ExVWREd0VCL3dRRUF3SUNwREFQCkJnTlZIUk1CQWY4RUJUQURBUUgvTUIwR0ExVWREZ1FXQkJUQitGaDFrQlJ4eURqaXFzejllL0h6OWJ6bWhEQVYKQmdOVkhSRUVEakFNZ2dwcmRXSmxjbTVsZEdWek1BMEdDU3FHU0liM0RRRUJDd1VBQTRJQkFRQ0RTUlk1Q3RhTgpGNVJXaDQ0bDREZHp6MG5ER3UyTjE4R2YwejlnSHdBcXZOWlJUUXBNWjdoUkhnbExvb3pGNVo5RzA4d2RwYUJkCm5FZVRhWE5HVGdoZVMyVFVOUEk0SEcxb0cxL2FDS2xWSFZUQVpvQnBVWmRKdDJmMjhoVkZyTm1xSmNQWlBmVjQKbTRRWjZrOVJCZTVucVBNMjV0WnVFODVYQ3hBY0xvcUNHUGN4eXRjeXEwanR6VzhLc1kyem5YcHplSjM0Z3RXdQpZRllRaytRb2hyV0FRM01BK3pBbjJ6bXJxbS9UbEt3ckxTeWV3SUNXYm9DZmRkdVFWcC9oN3RZd2pvWHpvbnIyCjVkcHppY0UydmtBUHkzeDdYOElLQVN2c3BBVXdnZFRuRUZRQ1N5TWZpMGl1WWZJd0RhbEZBK1UraWVhY3J3djQKODREdnpwV1dVcUxCCi0tLS0tRU5EIENFUlRJRklDQVRFLS0tLS0K"
              }
            ],
            "cluster_id": null,
            "compute_config": [
              {
                "enabled": false,
                "node_pools": [],
                "node_role_arn": ""
              }
            ],
            "control_plane_scaling_config": [
              {
                "tier": "standard"
              }
            ],
            "created_at": "2026-06-05T10:14:02Z",
            "deletion_protection": false,
            "enabled_cluster_log_types": null,
            "encryption_config": [],
            "endpoint": "https://B8E080603ED7FAD535C6659AE1D1C212.gr7.us-east-1.eks.amazonaws.com",
            "force_update_version": null,
            "id": "task-mgmt-eks",
            "identity": [
              {
                "oidc": [
                  {
                    "issuer": "https://oidc.eks.us-east-1.amazonaws.com/id/B8E080603ED7FAD535C6659AE1D1C212"
                  }
                ]
              }
            ],
            "kubernetes_network_config": [
              {
                "elastic_load_balancing": [
                  {
                    "enabled": false
                  }
                ],
                "ip_family": "ipv4",
                "service_ipv4_cidr": "10.100.0.0/16",
                "service_ipv6_cidr": ""
              }
            ],
            "name": "task-mgmt-eks",
            "outpost_config": [],
            "platform_version": "eks.68",
            "region": "us-east-1",
            "remote_network_config": [],
            "role_arn": "arn:aws:iam::636449817691:role/c205024a5229197l15172502t1w636449-LabEksClusterRole-5jS6NFsTsIKs",
            "status": "ACTIVE",
            "storage_config": [
              {
                "block_storage": [
                  {
                    "enabled": false
                  }
                ]
              }
            ],
            "tags": null,
            "tags_all": {},
            "timeouts": null,
            "upgrade_policy": [
              {
                "support_type": "EXTENDED"
              }
            ],
            "version": "1.30",
            "vpc_config": [
              {
                "cluster_security_group_id": "sg-0dc177b3edcf8fa4b",
                "endpoint_private_access": false,
                "endpoint_public_access": true,
                "public_access_cidrs": [
                  "0.0.0.0/0"
                ],
                "security_group_ids": null,
                "subnet_ids": [
                  "subnet-09f93a2b9f38507cc",
                  "subnet-0ece104c69f6169ba"
                ],
                "vpc_id": "vpc-0b62b0a0604950273"
              }
            ],
            "zonal_shift_config": []
          },
          "sensitive_attributes": [],
          "identity_schema_version": 0,
          "identity": {
            "account_id": "636449817691",
            "name": "task-mgmt-eks",
            "region": "us-east-1"
          },
          "private": "eyJlMmJmYjczMC1lY2FhLTExZTYtOGY4OC0zNDM2M2JjN2M0YzAiOnsiY3JlYXRlIjoxODAwMDAwMDAwMDAwLCJkZWxldGUiOjkwMDAwMDAwMDAwMCwidXBkYXRlIjozNjAwMDAwMDAwMDAwfSwic2NoZW1hX3ZlcnNpb24iOiIxIn0=",
          "dependencies": [
            "data.aws_subnets.default",
            "data.aws_vpc.default"
          ]
        }
      ]
    },
    {
      "mode": "managed",
      "type": "aws_eks_node_group",
      "name": "nodes",
      "provider": "provider[\"registry.terraform.io/hashicorp/aws\"]",
      "instances": [
        {
          "schema_version": 0,
          "attributes": {
            "ami_type": "AL2_x86_64",
            "arn": "arn:aws:eks:us-east-1:636449817691:nodegroup/task-mgmt-eks/task-mgmt-eks-nodes/d6cf4ba6-a6a8-55d5-ad77-030c8934e1e6",
            "capacity_type": "ON_DEMAND",
            "cluster_name": "task-mgmt-eks",
            "disk_size": 20,
            "force_update_version": null,
            "id": "task-mgmt-eks:task-mgmt-eks-nodes",
            "instance_types": [
              "t3.small"
            ],
            "labels": null,
            "launch_template": [],
            "node_group_name": "task-mgmt-eks-nodes",
            "node_group_name_prefix": "",
            "node_repair_config": [],
            "node_role_arn": "arn:aws:iam::636449817691:role/c205024a5229197l15172502t1w636449817-LabEksNodeRole-LafFc547lhVh",
            "region": "us-east-1",
            "release_version": "1.30.14-20251209",
            "remote_access": [],
            "resources": [
              {
                "autoscaling_groups": [
                  {
                    "name": "eks-task-mgmt-eks-nodes-d6cf4ba6-a6a8-55d5-ad77-030c8934e1e6"
                  }
                ],
                "remote_access_security_group_id": ""
              }
            ],
            "scaling_config": [
              {
                "desired_size": 1,
                "max_size": 2,
                "min_size": 1
              }
            ],
            "status": "ACTIVE",
            "subnet_ids": [
              "subnet-09f93a2b9f38507cc",
              "subnet-0ece104c69f6169ba"
            ],
            "tags": null,
            "tags_all": {},
            "taint": [],
            "timeouts": null,
            "update_config": [
              {
                "max_unavailable": 1,
                "max_unavailable_percentage": 0,
                "update_strategy": ""
              }
            ],
            "version": "1.30"
          },
          "sensitive_attributes": [],
          "identity_schema_version": 0,
          "identity": {
            "account_id": "636449817691",
            "cluster_name": "task-mgmt-eks",
            "node_group_name": "task-mgmt-eks-nodes",
            "region": "us-east-1"
          },
          "private": "eyJlMmJmYjczMC1lY2FhLTExZTYtOGY4OC0zNDM2M2JjN2M0YzAiOnsiY3JlYXRlIjozNjAwMDAwMDAwMDAwLCJkZWxldGUiOjM2MDAwMDAwMDAwMDAsInVwZGF0ZSI6MzYwMDAwMDAwMDAwMH19",
          "dependencies": [
            "aws_eks_cluster.cluster",
            "data.aws_subnets.default",
            "data.aws_vpc.default"
          ]
        }
      ]
    }
  ],
  "check_results": null
}
