{
  "version": 4,
  "terraform_version": "1.15.4",
  "serial": 52,
  "lineage": "aa5319ef-293a-6c49-10a3-ed0dd05ff67f",
  "outputs": {
    "cluster_certificate_authority_data": {
      "value": "LS0tLS1CRUdJTiBDRVJUSUZJQ0FURS0tLS0tCk1JSURCVENDQWUyZ0F3SUJBZ0lJRk4rNG9ORTZVQUF3RFFZSktvWklodmNOQVFFTEJRQXdGVEVUTUJFR0ExVUUKQXhNS2EzVmlaWEp1WlhSbGN6QWVGdzB5TmpBMk1EUXhOelV5TWpSYUZ3MHpOakEyTURFeE56VTNNalJhTUJVeApFekFSQmdOVkJBTVRDbXQxWW1WeWJtVjBaWE13Z2dFaU1BMEdDU3FHU0liM0RRRUJBUVVBQTRJQkR3QXdnZ0VLCkFvSUJBUURNUWNxaUV6Q1N3Z0s5cFlBaEhBbHg3L0twME1uRVdnaEwyY2tYcFg4QVNzSGkycTVvVEROUWNLNlkKVWlqLzBjMmdGVFA0RCtqeXJ2Q1Q5bUhJcXZ4dFUrYzQ3aFVxR3J4d1c0LzNDQkVNTlRkdVRDajN4VGZyM1pMUAoxaXpTalJYSG9KOGFrTk13dm4vOXlDcHFzeHpQR3hsZnkwcHNhNjJVY3FBRGVDVFd6VFB4ZHF1d2RobjJWTzhJCk1MYnNiQ0p3SWFnSVpiaHdlNmpHd1JudSsvQklyQ1hvaWFrUXB4ckhmTDZsRnk5WUhNTnZ4eGRtU3lXSTMxMWUKUFNlRlJlbEtlVEx1VGhGS2tHMlpTazFIMTN4Qml4SSthZWVNa2xsUGt4MjdhOU52ZFdZVzJLaVNKQ0lxM21qRApYeDRtQmVFakd1elVKZ3hJYmdabEZrMHZOTzE3QWdNQkFBR2pXVEJYTUE0R0ExVWREd0VCL3dRRUF3SUNwREFQCkJnTlZIUk1CQWY4RUJUQURBUUgvTUIwR0ExVWREZ1FXQkJRRnBWcTJFMVFyVzVBbm9XVmZFQmxzNDFzWlR6QVYKQmdOVkhSRUVEakFNZ2dwcmRXSmxjbTVsZEdWek1BMEdDU3FHU0liM0RRRUJDd1VBQTRJQkFRQTNGdlNGQmlHcAo1NXdtR0pkcjlWUHdEWnJuRUZEMU05T0ZpSGIzWjJjOG9hV0crc0tEQm9mbTJIUFNJWFJ4akJHZVpRaDlScm5kCkdGVXVNN2dmdkxhaWcvK3J3OHE4d3FSM3NIVUdidUlkc1VtaFV2UTlDelE0UUszamF0d1daTTFieWdXWlJwL2EKb3dTTmVQb0x6NHFjdDFjcm9QZ2FKbkpFYk1kZ1ZCQUd1M1pjYm1qalVmU1VpenUyT2FTRGRCM2xQa3A1OHhSQQowYWV3aXlEOWdIeTNmQk5WQmVSTTBKZTM1WDJ3cVlKVDNnSXpmZlNURUZWa2hlazViU0lyZVc2U2Y5MU41dENICk5wQ3lSZ3ZncWtMMDdDUHU4UGQ5RDhhcDNkRDEzZnNmbEhSa0VYbmVTa1JXSlNONmEwUW81WXFvenlMb2RMeVUKNW14clorL2pjVGYyCi0tLS0tRU5EIENFUlRJRklDQVRFLS0tLS0K",
      "type": "string"
    },
    "cluster_endpoint": {
      "value": "https://0743BC31C3E10F3A05EFF211D1F975D2.gr7.us-east-1.eks.amazonaws.com",
      "type": "string"
    },
    "cluster_name": {
      "value": "task-mgmt-eks",
      "type": "string"
    },
    "ecr_task_service": {
      "value": "636449817691.dkr.ecr.us-east-1.amazonaws.com/task-service",
      "type": "string"
    },
    "ecr_ui_service": {
      "value": "636449817691.dkr.ecr.us-east-1.amazonaws.com/ui-service",
      "type": "string"
    },
    "ecr_user_service": {
      "value": "636449817691.dkr.ecr.us-east-1.amazonaws.com/user-service",
      "type": "string"
    }
  },
  "resources": [
    {
      "mode": "data",
      "type": "aws_subnets",
      "name": "all_default",
      "provider": "provider[\"registry.terraform.io/hashicorp/aws\"]",
      "instances": [
        {
          "schema_version": 0,
          "attributes": {
            "filter": [
              {
                "name": "vpc-id",
                "values": [
                  "vpc-0489a0e98598d56cd"
                ]
              }
            ],
            "id": "us-east-1",
            "ids": [
              "subnet-0be0d37da9b24ad0c",
              "subnet-0e7338c4af98eefdb",
              "subnet-0d8fd7be2332e00cf",
              "subnet-09c296dadfc12770b",
              "subnet-0899becb4d2990f81",
              "subnet-0b397324b7ebab80c"
            ],
            "region": "us-east-1",
            "tags": null,
            "timeouts": null
          },
          "sensitive_attributes": [],
          "identity_schema_version": 0
        }
      ]
    },
    {
      "mode": "data",
      "type": "aws_subnets",
      "name": "default",
      "provider": "provider[\"registry.terraform.io/hashicorp/aws\"]",
      "instances": [
        {
          "schema_version": 0,
          "attributes": {
            "filter": [
              {
                "name": "availability-zone",
                "values": [
                  "us-east-1a",
                  "us-east-1b",
                  "us-east-1c",
                  "us-east-1d",
                  "us-east-1f"
                ]
              },
              {
                "name": "vpc-id",
                "values": [
                  "vpc-0489a0e98598d56cd"
                ]
              }
            ],
            "id": "us-east-1",
            "ids": [
              "subnet-0be0d37da9b24ad0c",
              "subnet-0e7338c4af98eefdb",
              "subnet-0d8fd7be2332e00cf",
              "subnet-09c296dadfc12770b",
              "subnet-0b397324b7ebab80c"
            ],
            "region": "us-east-1",
            "tags": null,
            "timeouts": null
          },
          "sensitive_attributes": [],
          "identity_schema_version": 0
        }
      ]
    },
    {
      "mode": "data",
      "type": "aws_vpc",
      "name": "default",
      "provider": "provider[\"registry.terraform.io/hashicorp/aws\"]",
      "instances": [
        {
          "schema_version": 0,
          "attributes": {
            "arn": "arn:aws:ec2:us-east-1:636449817691:vpc/vpc-0489a0e98598d56cd",
            "cidr_block": "172.31.0.0/16",
            "cidr_block_associations": [
              {
                "association_id": "vpc-cidr-assoc-075fdf52cd35aeb02",
                "cidr_block": "172.31.0.0/16",
                "state": "associated"
              }
            ],
            "default": true,
            "dhcp_options_id": "dopt-077a63fa2fe988f39",
            "enable_dns_hostnames": true,
            "enable_dns_support": true,
            "enable_network_address_usage_metrics": false,
            "filter": null,
            "id": "vpc-0489a0e98598d56cd",
            "instance_tenancy": "default",
            "ipv6_association_id": "",
            "ipv6_cidr_block": "",
            "main_route_table_id": "rtb-0d304f3e25a3829e1",
            "owner_id": "636449817691",
            "region": "us-east-1",
            "state": null,
            "tags": {},
            "timeouts": null
          },
          "sensitive_attributes": [],
          "identity_schema_version": 0
        }
      ]
    },
    {
      "mode": "managed",
      "type": "aws_ecr_repository",
      "name": "task_service",
      "provider": "provider[\"registry.terraform.io/hashicorp/aws\"]",
      "instances": [
        {
          "schema_version": 0,
          "attributes": {
            "arn": "arn:aws:ecr:us-east-1:636449817691:repository/task-service",
            "encryption_configuration": [
              {
                "encryption_type": "AES256",
                "kms_key": ""
              }
            ],
            "force_delete": null,
            "id": "task-service",
            "image_scanning_configuration": [
              {
                "scan_on_push": false
              }
            ],
            "image_tag_mutability": "MUTABLE",
            "image_tag_mutability_exclusion_filter": [],
            "name": "task-service",
            "region": "us-east-1",
            "registry_id": "636449817691",
            "repository_url": "636449817691.dkr.ecr.us-east-1.amazonaws.com/task-service",
            "tags": {},
            "tags_all": {},
            "timeouts": null
          },
          "sensitive_attributes": [],
          "identity_schema_version": 0,
          "identity": {
            "account_id": "636449817691",
            "name": "task-service",
            "region": "us-east-1"
          },
          "private": "eyJlMmJmYjczMC1lY2FhLTExZTYtOGY4OC0zNDM2M2JjN2M0YzAiOnsiZGVsZXRlIjoxMjAwMDAwMDAwMDAwfX0="
        }
      ]
    },
    {
      "mode": "managed",
      "type": "aws_ecr_repository",
      "name": "ui_service",
      "provider": "provider[\"registry.terraform.io/hashicorp/aws\"]",
      "instances": [
        {
          "schema_version": 0,
          "attributes": {
            "arn": "arn:aws:ecr:us-east-1:636449817691:repository/ui-service",
            "encryption_configuration": [
              {
                "encryption_type": "AES256",
                "kms_key": ""
              }
            ],
            "force_delete": null,
            "id": "ui-service",
            "image_scanning_configuration": [
              {
                "scan_on_push": false
              }
            ],
            "image_tag_mutability": "MUTABLE",
            "image_tag_mutability_exclusion_filter": [],
            "name": "ui-service",
            "region": "us-east-1",
            "registry_id": "636449817691",
            "repository_url": "636449817691.dkr.ecr.us-east-1.amazonaws.com/ui-service",
            "tags": {},
            "tags_all": {},
            "timeouts": null
          },
          "sensitive_attributes": [],
          "identity_schema_version": 0,
          "identity": {
            "account_id": "636449817691",
            "name": "ui-service",
            "region": "us-east-1"
          },
          "private": "eyJlMmJmYjczMC1lY2FhLTExZTYtOGY4OC0zNDM2M2JjN2M0YzAiOnsiZGVsZXRlIjoxMjAwMDAwMDAwMDAwfX0="
        }
      ]
    },
    {
      "mode": "managed",
      "type": "aws_ecr_repository",
      "name": "user_service",
      "provider": "provider[\"registry.terraform.io/hashicorp/aws\"]",
      "instances": [
        {
          "schema_version": 0,
          "attributes": {
            "arn": "arn:aws:ecr:us-east-1:636449817691:repository/user-service",
            "encryption_configuration": [
              {
                "encryption_type": "AES256",
                "kms_key": ""
              }
            ],
            "force_delete": null,
            "id": "user-service",
            "image_scanning_configuration": [
              {
                "scan_on_push": false
              }
            ],
            "image_tag_mutability": "MUTABLE",
            "image_tag_mutability_exclusion_filter": [],
            "name": "user-service",
            "region": "us-east-1",
            "registry_id": "636449817691",
            "repository_url": "636449817691.dkr.ecr.us-east-1.amazonaws.com/user-service",
            "tags": {},
            "tags_all": {},
            "timeouts": null
          },
          "sensitive_attributes": [],
          "identity_schema_version": 0,
          "identity": {
            "account_id": "636449817691",
            "name": "user-service",
            "region": "us-east-1"
          },
          "private": "eyJlMmJmYjczMC1lY2FhLTExZTYtOGY4OC0zNDM2M2JjN2M0YzAiOnsiZGVsZXRlIjoxMjAwMDAwMDAwMDAwfX0="
        }
      ]
    },
    {
      "mode": "managed",
      "type": "aws_eks_cluster",
      "name": "cluster",
      "provider": "provider[\"registry.terraform.io/hashicorp/aws\"]",
      "instances": [
        {
          "schema_version": 1,
          "attributes": {
            "access_config": [
              {
                "authentication_mode": "CONFIG_MAP",
                "bootstrap_cluster_creator_admin_permissions": true
              }
            ],
            "arn": "arn:aws:eks:us-east-1:636449817691:cluster/task-mgmt-eks",
            "bootstrap_self_managed_addons": true,
            "certificate_authority": [
              {
                "data": "LS0tLS1CRUdJTiBDRVJUSUZJQ0FURS0tLS0tCk1JSURCVENDQWUyZ0F3SUJBZ0lJRk4rNG9ORTZVQUF3RFFZSktvWklodmNOQVFFTEJRQXdGVEVUTUJFR0ExVUUKQXhNS2EzVmlaWEp1WlhSbGN6QWVGdzB5TmpBMk1EUXhOelV5TWpSYUZ3MHpOakEyTURFeE56VTNNalJhTUJVeApFekFSQmdOVkJBTVRDbXQxWW1WeWJtVjBaWE13Z2dFaU1BMEdDU3FHU0liM0RRRUJBUVVBQTRJQkR3QXdnZ0VLCkFvSUJBUURNUWNxaUV6Q1N3Z0s5cFlBaEhBbHg3L0twME1uRVdnaEwyY2tYcFg4QVNzSGkycTVvVEROUWNLNlkKVWlqLzBjMmdGVFA0RCtqeXJ2Q1Q5bUhJcXZ4dFUrYzQ3aFVxR3J4d1c0LzNDQkVNTlRkdVRDajN4VGZyM1pMUAoxaXpTalJYSG9KOGFrTk13dm4vOXlDcHFzeHpQR3hsZnkwcHNhNjJVY3FBRGVDVFd6VFB4ZHF1d2RobjJWTzhJCk1MYnNiQ0p3SWFnSVpiaHdlNmpHd1JudSsvQklyQ1hvaWFrUXB4ckhmTDZsRnk5WUhNTnZ4eGRtU3lXSTMxMWUKUFNlRlJlbEtlVEx1VGhGS2tHMlpTazFIMTN4Qml4SSthZWVNa2xsUGt4MjdhOU52ZFdZVzJLaVNKQ0lxM21qRApYeDRtQmVFakd1elVKZ3hJYmdabEZrMHZOTzE3QWdNQkFBR2pXVEJYTUE0R0ExVWREd0VCL3dRRUF3SUNwREFQCkJnTlZIUk1CQWY4RUJUQURBUUgvTUIwR0ExVWREZ1FXQkJRRnBWcTJFMVFyVzVBbm9XVmZFQmxzNDFzWlR6QVYKQmdOVkhSRUVEakFNZ2dwcmRXSmxjbTVsZEdWek1BMEdDU3FHU0liM0RRRUJDd1VBQTRJQkFRQTNGdlNGQmlHcAo1NXdtR0pkcjlWUHdEWnJuRUZEMU05T0ZpSGIzWjJjOG9hV0crc0tEQm9mbTJIUFNJWFJ4akJHZVpRaDlScm5kCkdGVXVNN2dmdkxhaWcvK3J3OHE4d3FSM3NIVUdidUlkc1VtaFV2UTlDelE0UUszamF0d1daTTFieWdXWlJwL2EKb3dTTmVQb0x6NHFjdDFjcm9QZ2FKbkpFYk1kZ1ZCQUd1M1pjYm1qalVmU1VpenUyT2FTRGRCM2xQa3A1OHhSQQowYWV3aXlEOWdIeTNmQk5WQmVSTTBKZTM1WDJ3cVlKVDNnSXpmZlNURUZWa2hlazViU0lyZVc2U2Y5MU41dENICk5wQ3lSZ3ZncWtMMDdDUHU4UGQ5RDhhcDNkRDEzZnNmbEhSa0VYbmVTa1JXSlNONmEwUW81WXFvenlMb2RMeVUKNW14clorL2pjVGYyCi0tLS0tRU5EIENFUlRJRklDQVRFLS0tLS0K"
              }
            ],
            "cluster_id": null,
            "compute_config": [
              {
                "enabled": false,
                "node_pools": [],
                "node_role_arn": ""
              }
            ],
            "control_plane_scaling_config": [
              {
                "tier": "standard"
              }
            ],
            "created_at": "2026-06-04T17:51:54Z",
            "deletion_protection": false,
            "enabled_cluster_log_types": null,
            "encryption_config": [],
            "endpoint": "https://0743BC31C3E10F3A05EFF211D1F975D2.gr7.us-east-1.eks.amazonaws.com",
            "force_update_version": null,
            "id": "task-mgmt-eks",
            "identity": [
              {
                "oidc": [
                  {
                    "issuer": "https://oidc.eks.us-east-1.amazonaws.com/id/0743BC31C3E10F3A05EFF211D1F975D2"
                  }
                ]
              }
            ],
            "kubernetes_network_config": [
              {
                "elastic_load_balancing": [
                  {
                    "enabled": false
                  }
                ],
                "ip_family": "ipv4",
                "service_ipv4_cidr": "10.100.0.0/16",
                "service_ipv6_cidr": ""
              }
            ],
            "name": "task-mgmt-eks",
            "outpost_config": [],
            "platform_version": "eks.68",
            "region": "us-east-1",
            "remote_network_config": [],
            "role_arn": "arn:aws:iam::636449817691:role/c205024a5229197l15172502t1w636449-LabEksClusterRole-KijSotxYYBq0",
            "status": "ACTIVE",
            "storage_config": [
              {
                "block_storage": [
                  {
                    "enabled": false
                  }
                ]
              }
            ],
            "tags": null,
            "tags_all": {},
            "timeouts": null,
            "upgrade_policy": [
              {
                "support_type": "EXTENDED"
              }
            ],
            "version": "1.30",
            "vpc_config": [
              {
                "cluster_security_group_id": "sg-02413eee03d55af2c",
                "endpoint_private_access": false,
                "endpoint_public_access": true,
                "public_access_cidrs": [
                  "0.0.0.0/0"
                ],
                "security_group_ids": null,
                "subnet_ids": [
                  "subnet-0be0d37da9b24ad0c",
                  "subnet-0e7338c4af98eefdb"
                ],
                "vpc_id": "vpc-0489a0e98598d56cd"
              }
            ],
            "zonal_shift_config": []
          },
          "sensitive_attributes": [],
          "identity_schema_version": 0,
          "identity": {
            "account_id": "636449817691",
            "name": "task-mgmt-eks",
            "region": "us-east-1"
          },
          "private": "eyJlMmJmYjczMC1lY2FhLTExZTYtOGY4OC0zNDM2M2JjN2M0YzAiOnsiY3JlYXRlIjoxODAwMDAwMDAwMDAwLCJkZWxldGUiOjkwMDAwMDAwMDAwMCwidXBkYXRlIjozNjAwMDAwMDAwMDAwfSwic2NoZW1hX3ZlcnNpb24iOiIxIn0=",
          "dependencies": [
            "data.aws_subnets.default",
            "data.aws_vpc.default"
          ]
        }
      ]
    },
    {
      "mode": "managed",
      "type": "aws_eks_node_group",
      "name": "nodes",
      "provider": "provider[\"registry.terraform.io/hashicorp/aws\"]",
      "instances": [
        {
          "schema_version": 0,
          "attributes": {
            "ami_type": "AL2_x86_64",
            "arn": "arn:aws:eks:us-east-1:636449817691:nodegroup/task-mgmt-eks/task-mgmt-eks-nodes/accf49e5-0f3c-e67a-3040-71a70cb94e28",
            "capacity_type": "ON_DEMAND",
            "cluster_name": "task-mgmt-eks",
            "disk_size": 20,
            "force_update_version": null,
            "id": "task-mgmt-eks:task-mgmt-eks-nodes",
            "instance_types": [
              "t3.small"
            ],
            "labels": null,
            "launch_template": [],
            "node_group_name": "task-mgmt-eks-nodes",
            "node_group_name_prefix": "",
            "node_repair_config": [],
            "node_role_arn": "arn:aws:iam::636449817691:role/c205024a5229197l15172502t1w636449817-LabEksNodeRole-PnOopHDKib8q",
            "region": "us-east-1",
            "release_version": "1.30.14-20251209",
            "remote_access": [],
            "resources": [
              {
                "autoscaling_groups": [
                  {
                    "name": "eks-task-mgmt-eks-nodes-accf49e5-0f3c-e67a-3040-71a70cb94e28"
                  }
                ],
                "remote_access_security_group_id": ""
              }
            ],
            "scaling_config": [
              {
                "desired_size": 1,
                "max_size": 2,
                "min_size": 1
              }
            ],
            "status": "ACTIVE",
            "subnet_ids": [
              "subnet-0be0d37da9b24ad0c",
              "subnet-0e7338c4af98eefdb"
            ],
            "tags": null,
            "tags_all": {},
            "taint": [],
            "timeouts": null,
            "update_config": [
              {
                "max_unavailable": 1,
                "max_unavailable_percentage": 0,
                "update_strategy": ""
              }
            ],
            "version": "1.30"
          },
          "sensitive_attributes": [],
          "identity_schema_version": 0,
          "identity": {
            "account_id": "636449817691",
            "cluster_name": "task-mgmt-eks",
            "node_group_name": "task-mgmt-eks-nodes",
            "region": "us-east-1"
          },
          "private": "eyJlMmJmYjczMC1lY2FhLTExZTYtOGY4OC0zNDM2M2JjN2M0YzAiOnsiY3JlYXRlIjozNjAwMDAwMDAwMDAwLCJkZWxldGUiOjM2MDAwMDAwMDAwMDAsInVwZGF0ZSI6MzYwMDAwMDAwMDAwMH19",
          "dependencies": [
            "aws_eks_cluster.cluster",
            "data.aws_subnets.default",
            "data.aws_vpc.default"
          ]
        }
      ]
    }
  ],
  "check_results": null
}
