{
  "version": 4,
  "terraform_version": "1.15.4",
  "serial": 26,
  "lineage": "aa5319ef-293a-6c49-10a3-ed0dd05ff67f",
  "outputs": {
    "cluster_certificate_authority_data": {
      "value": "LS0tLS1CRUdJTiBDRVJUSUZJQ0FURS0tLS0tCk1JSURCVENDQWUyZ0F3SUJBZ0lJS2E3bVB4VTRoNXN3RFFZSktvWklodmNOQVFFTEJRQXdGVEVUTUJFR0ExVUUKQXhNS2EzVmlaWEp1WlhSbGN6QWVGdzB5TmpBMk1ETXdOekUzTVRoYUZ3MHpOakExTXpFd056SXlNVGhhTUJVeApFekFSQmdOVkJBTVRDbXQxWW1WeWJtVjBaWE13Z2dFaU1BMEdDU3FHU0liM0RRRUJBUVVBQTRJQkR3QXdnZ0VLCkFvSUJBUURzNzd4bThiYlVYRnpoalBKOHl1ZUNKd2FqUklEcVlPKzFtK1d3NGE1ZjJPVzRJZjF3U0FZOGNwbTgKSUtNNkx3WnBwcjhWT2RhcWwvTkZuSTVsc1AvaVQrZTE0eXNDUTZudkpEU1FKNm9aNmRwTXByd2M5c0dLYzFaUAp5ZHpRTENJVWVzQ0lEWVllTTdzNGVFTmtsTmV5Myt4RzJoVFNZZWl2YmFuSUNCOWdWL0FjWGdlMGJPUEM3QjZ4CnN5NW9KMWREKzVEVjFvTVdBWXA2dnBzWVBPK2RIMkFpMGt4RWxpNmVFazg5YWp5MThGU1dQSFQ3cnlrR25pUjIKMFlGUFhKeFdkOHgxNFVkaFBlUldhU3p5dDFnazd5d3J5Mm41STIzSmVwR05WYU1TdHJBdDFoS0o5U2ZjZEsrbAprNTl2WS9PekxvaG1lU08xaWxCcVFDc1FUTFMvQWdNQkFBR2pXVEJYTUE0R0ExVWREd0VCL3dRRUF3SUNwREFQCkJnTlZIUk1CQWY4RUJUQURBUUgvTUIwR0ExVWREZ1FXQkJUN0tFL2ZNbS9xazFhNSsrMWVDWjJCYU1JbDlqQVYKQmdOVkhSRUVEakFNZ2dwcmRXSmxjbTVsZEdWek1BMEdDU3FHU0liM0RRRUJDd1VBQTRJQkFRQnVDZkJVN2xpUQpRSHhQdXZpN3JCYnhIOXY0eVFTQzNiNE9iL2U4OE5TVWJJVUpmZ1RQMGMycHRMcko0alc1cTdHTmFqUHJiL2RkCk90dEU1aVQ1alNvS1pTTVpiaFA5Y0FxZCtKOTgvY1BTa0huelhncTRlWG5KbGdaM1c4MEFEaW1FWmJPbnd1eloKZlgvYllObzh5R0VZZkdiUjc3b3ppUVpMMEM4aGZncGU1TG5sdFZ6UERjV1cwZEduQldSeGhuQkJjalFPTSs3agoxL2k5c2VyYzMzTitCL1Ewd2VBVHA0UStyaXBRaU5XMG8waFIyRGhTZ0dYbm4vKzZ0U1dvVFJlZnpZRjZNb2FWCjNWcktrWkJ4SzVOUnZoQ0FOK09RcXczU2l4Q3NXdEt3TkVBYVo0RHNFQWRnOFZkRzNyT25LZHdBTXN1K1BTUGoKTW04Wjhqd09ZRWUyCi0tLS0tRU5EIENFUlRJRklDQVRFLS0tLS0K",
      "type": "string"
    },
    "cluster_endpoint": {
      "value": "https://831D19B050B570242DAFDF806B127093.gr7.us-east-1.eks.amazonaws.com",
      "type": "string"
    },
    "cluster_name": {
      "value": "task-mgmt-eks",
      "type": "string"
    },
    "ecr_task_service": {
      "value": "636449817691.dkr.ecr.us-east-1.amazonaws.com/task-service",
      "type": "string"
    },
    "ecr_ui_service": {
      "value": "636449817691.dkr.ecr.us-east-1.amazonaws.com/ui-service",
      "type": "string"
    },
    "ecr_user_service": {
      "value": "636449817691.dkr.ecr.us-east-1.amazonaws.com/user-service",
      "type": "string"
    }
  },
  "resources": [
    {
      "mode": "data",
      "type": "aws_subnets",
      "name": "all_default",
      "provider": "provider[\"registry.terraform.io/hashicorp/aws\"]",
      "instances": [
        {
          "schema_version": 0,
          "attributes": {
            "filter": [
              {
                "name": "vpc-id",
                "values": [
                  "vpc-04fb016db5250a34a"
                ]
              }
            ],
            "id": "us-east-1",
            "ids": [
              "subnet-0139aa17dcf50c910",
              "subnet-0140a1a62cee859e1",
              "subnet-0143481861334298b",
              "subnet-06e0fbe472a5208f8",
              "subnet-041421f22eeb45b48",
              "subnet-0dc077fb599f117b2"
            ],
            "region": "us-east-1",
            "tags": null,
            "timeouts": null
          },
          "sensitive_attributes": [],
          "identity_schema_version": 0
        }
      ]
    },
    {
      "mode": "data",
      "type": "aws_subnets",
      "name": "default",
      "provider": "provider[\"registry.terraform.io/hashicorp/aws\"]",
      "instances": [
        {
          "schema_version": 0,
          "attributes": {
            "filter": [
              {
                "name": "availability-zone",
                "values": [
                  "us-east-1a",
                  "us-east-1b",
                  "us-east-1c",
                  "us-east-1d",
                  "us-east-1f"
                ]
              },
              {
                "name": "vpc-id",
                "values": [
                  "vpc-04fb016db5250a34a"
                ]
              }
            ],
            "id": "us-east-1",
            "ids": [
              "subnet-0140a1a62cee859e1",
              "subnet-0143481861334298b",
              "subnet-06e0fbe472a5208f8",
              "subnet-041421f22eeb45b48",
              "subnet-0dc077fb599f117b2"
            ],
            "region": "us-east-1",
            "tags": null,
            "timeouts": null
          },
          "sensitive_attributes": [],
          "identity_schema_version": 0
        }
      ]
    },
    {
      "mode": "data",
      "type": "aws_vpc",
      "name": "default",
      "provider": "provider[\"registry.terraform.io/hashicorp/aws\"]",
      "instances": [
        {
          "schema_version": 0,
          "attributes": {
            "arn": "arn:aws:ec2:us-east-1:636449817691:vpc/vpc-04fb016db5250a34a",
            "cidr_block": "172.31.0.0/16",
            "cidr_block_associations": [
              {
                "association_id": "vpc-cidr-assoc-0dd311c70e45bdf56",
                "cidr_block": "172.31.0.0/16",
                "state": "associated"
              }
            ],
            "default": true,
            "dhcp_options_id": "dopt-033b5d12d20a96dae",
            "enable_dns_hostnames": true,
            "enable_dns_support": true,
            "enable_network_address_usage_metrics": false,
            "filter": null,
            "id": "vpc-04fb016db5250a34a",
            "instance_tenancy": "default",
            "ipv6_association_id": "",
            "ipv6_cidr_block": "",
            "main_route_table_id": "rtb-0ed91074841c4d8ad",
            "owner_id": "636449817691",
            "region": "us-east-1",
            "state": null,
            "tags": {},
            "timeouts": null
          },
          "sensitive_attributes": [],
          "identity_schema_version": 0
        }
      ]
    },
    {
      "mode": "managed",
      "type": "aws_ecr_repository",
      "name": "task_service",
      "provider": "provider[\"registry.terraform.io/hashicorp/aws\"]",
      "instances": [
        {
          "schema_version": 0,
          "attributes": {
            "arn": "arn:aws:ecr:us-east-1:636449817691:repository/task-service",
            "encryption_configuration": [
              {
                "encryption_type": "AES256",
                "kms_key": ""
              }
            ],
            "force_delete": null,
            "id": "task-service",
            "image_scanning_configuration": [
              {
                "scan_on_push": false
              }
            ],
            "image_tag_mutability": "MUTABLE",
            "image_tag_mutability_exclusion_filter": [],
            "name": "task-service",
            "region": "us-east-1",
            "registry_id": "636449817691",
            "repository_url": "636449817691.dkr.ecr.us-east-1.amazonaws.com/task-service",
            "tags": {},
            "tags_all": {},
            "timeouts": null
          },
          "sensitive_attributes": [],
          "identity_schema_version": 0,
          "identity": {
            "account_id": "636449817691",
            "name": "task-service",
            "region": "us-east-1"
          },
          "private": "eyJlMmJmYjczMC1lY2FhLTExZTYtOGY4OC0zNDM2M2JjN2M0YzAiOnsiZGVsZXRlIjoxMjAwMDAwMDAwMDAwfX0="
        }
      ]
    },
    {
      "mode": "managed",
      "type": "aws_ecr_repository",
      "name": "ui_service",
      "provider": "provider[\"registry.terraform.io/hashicorp/aws\"]",
      "instances": [
        {
          "schema_version": 0,
          "attributes": {
            "arn": "arn:aws:ecr:us-east-1:636449817691:repository/ui-service",
            "encryption_configuration": [
              {
                "encryption_type": "AES256",
                "kms_key": ""
              }
            ],
            "force_delete": null,
            "id": "ui-service",
            "image_scanning_configuration": [
              {
                "scan_on_push": false
              }
            ],
            "image_tag_mutability": "MUTABLE",
            "image_tag_mutability_exclusion_filter": [],
            "name": "ui-service",
            "region": "us-east-1",
            "registry_id": "636449817691",
            "repository_url": "636449817691.dkr.ecr.us-east-1.amazonaws.com/ui-service",
            "tags": {},
            "tags_all": {},
            "timeouts": null
          },
          "sensitive_attributes": [],
          "identity_schema_version": 0,
          "identity": {
            "account_id": "636449817691",
            "name": "ui-service",
            "region": "us-east-1"
          },
          "private": "eyJlMmJmYjczMC1lY2FhLTExZTYtOGY4OC0zNDM2M2JjN2M0YzAiOnsiZGVsZXRlIjoxMjAwMDAwMDAwMDAwfX0="
        }
      ]
    },
    {
      "mode": "managed",
      "type": "aws_ecr_repository",
      "name": "user_service",
      "provider": "provider[\"registry.terraform.io/hashicorp/aws\"]",
      "instances": [
        {
          "schema_version": 0,
          "attributes": {
            "arn": "arn:aws:ecr:us-east-1:636449817691:repository/user-service",
            "encryption_configuration": [
              {
                "encryption_type": "AES256",
                "kms_key": ""
              }
            ],
            "force_delete": null,
            "id": "user-service",
            "image_scanning_configuration": [
              {
                "scan_on_push": false
              }
            ],
            "image_tag_mutability": "MUTABLE",
            "image_tag_mutability_exclusion_filter": [],
            "name": "user-service",
            "region": "us-east-1",
            "registry_id": "636449817691",
            "repository_url": "636449817691.dkr.ecr.us-east-1.amazonaws.com/user-service",
            "tags": {},
            "tags_all": {},
            "timeouts": null
          },
          "sensitive_attributes": [],
          "identity_schema_version": 0,
          "identity": {
            "account_id": "636449817691",
            "name": "user-service",
            "region": "us-east-1"
          },
          "private": "eyJlMmJmYjczMC1lY2FhLTExZTYtOGY4OC0zNDM2M2JjN2M0YzAiOnsiZGVsZXRlIjoxMjAwMDAwMDAwMDAwfX0="
        }
      ]
    },
    {
      "mode": "managed",
      "type": "aws_eks_cluster",
      "name": "cluster",
      "provider": "provider[\"registry.terraform.io/hashicorp/aws\"]",
      "instances": [
        {
          "schema_version": 1,
          "attributes": {
            "access_config": [
              {
                "authentication_mode": "CONFIG_MAP",
                "bootstrap_cluster_creator_admin_permissions": true
              }
            ],
            "arn": "arn:aws:eks:us-east-1:636449817691:cluster/task-mgmt-eks",
            "bootstrap_self_managed_addons": true,
            "certificate_authority": [
              {
                "data": "LS0tLS1CRUdJTiBDRVJUSUZJQ0FURS0tLS0tCk1JSURCVENDQWUyZ0F3SUJBZ0lJS2E3bVB4VTRoNXN3RFFZSktvWklodmNOQVFFTEJRQXdGVEVUTUJFR0ExVUUKQXhNS2EzVmlaWEp1WlhSbGN6QWVGdzB5TmpBMk1ETXdOekUzTVRoYUZ3MHpOakExTXpFd056SXlNVGhhTUJVeApFekFSQmdOVkJBTVRDbXQxWW1WeWJtVjBaWE13Z2dFaU1BMEdDU3FHU0liM0RRRUJBUVVBQTRJQkR3QXdnZ0VLCkFvSUJBUURzNzd4bThiYlVYRnpoalBKOHl1ZUNKd2FqUklEcVlPKzFtK1d3NGE1ZjJPVzRJZjF3U0FZOGNwbTgKSUtNNkx3WnBwcjhWT2RhcWwvTkZuSTVsc1AvaVQrZTE0eXNDUTZudkpEU1FKNm9aNmRwTXByd2M5c0dLYzFaUAp5ZHpRTENJVWVzQ0lEWVllTTdzNGVFTmtsTmV5Myt4RzJoVFNZZWl2YmFuSUNCOWdWL0FjWGdlMGJPUEM3QjZ4CnN5NW9KMWREKzVEVjFvTVdBWXA2dnBzWVBPK2RIMkFpMGt4RWxpNmVFazg5YWp5MThGU1dQSFQ3cnlrR25pUjIKMFlGUFhKeFdkOHgxNFVkaFBlUldhU3p5dDFnazd5d3J5Mm41STIzSmVwR05WYU1TdHJBdDFoS0o5U2ZjZEsrbAprNTl2WS9PekxvaG1lU08xaWxCcVFDc1FUTFMvQWdNQkFBR2pXVEJYTUE0R0ExVWREd0VCL3dRRUF3SUNwREFQCkJnTlZIUk1CQWY4RUJUQURBUUgvTUIwR0ExVWREZ1FXQkJUN0tFL2ZNbS9xazFhNSsrMWVDWjJCYU1JbDlqQVYKQmdOVkhSRUVEakFNZ2dwcmRXSmxjbTVsZEdWek1BMEdDU3FHU0liM0RRRUJDd1VBQTRJQkFRQnVDZkJVN2xpUQpRSHhQdXZpN3JCYnhIOXY0eVFTQzNiNE9iL2U4OE5TVWJJVUpmZ1RQMGMycHRMcko0alc1cTdHTmFqUHJiL2RkCk90dEU1aVQ1alNvS1pTTVpiaFA5Y0FxZCtKOTgvY1BTa0huelhncTRlWG5KbGdaM1c4MEFEaW1FWmJPbnd1eloKZlgvYllObzh5R0VZZkdiUjc3b3ppUVpMMEM4aGZncGU1TG5sdFZ6UERjV1cwZEduQldSeGhuQkJjalFPTSs3agoxL2k5c2VyYzMzTitCL1Ewd2VBVHA0UStyaXBRaU5XMG8waFIyRGhTZ0dYbm4vKzZ0U1dvVFJlZnpZRjZNb2FWCjNWcktrWkJ4SzVOUnZoQ0FOK09RcXczU2l4Q3NXdEt3TkVBYVo0RHNFQWRnOFZkRzNyT25LZHdBTXN1K1BTUGoKTW04Wjhqd09ZRWUyCi0tLS0tRU5EIENFUlRJRklDQVRFLS0tLS0K"
              }
            ],
            "cluster_id": null,
            "compute_config": [
              {
                "enabled": false,
                "node_pools": [],
                "node_role_arn": ""
              }
            ],
            "control_plane_scaling_config": [
              {
                "tier": "standard"
              }
            ],
            "created_at": "2026-06-03T07:15:51Z",
            "deletion_protection": false,
            "enabled_cluster_log_types": null,
            "encryption_config": [],
            "endpoint": "https://831D19B050B570242DAFDF806B127093.gr7.us-east-1.eks.amazonaws.com",
            "force_update_version": null,
            "id": "task-mgmt-eks",
            "identity": [
              {
                "oidc": [
                  {
                    "issuer": "https://oidc.eks.us-east-1.amazonaws.com/id/831D19B050B570242DAFDF806B127093"
                  }
                ]
              }
            ],
            "kubernetes_network_config": [
              {
                "elastic_load_balancing": [
                  {
                    "enabled": false
                  }
                ],
                "ip_family": "ipv4",
                "service_ipv4_cidr": "10.100.0.0/16",
                "service_ipv6_cidr": ""
              }
            ],
            "name": "task-mgmt-eks",
            "outpost_config": [],
            "platform_version": "eks.71",
            "region": "us-east-1",
            "remote_network_config": [],
            "role_arn": "arn:aws:iam::636449817691:role/c205024a5229197l15172502t1w636449-LabEksClusterRole-wGmEwOB2Os7v",
            "status": "ACTIVE",
            "storage_config": [
              {
                "block_storage": [
                  {
                    "enabled": false
                  }
                ]
              }
            ],
            "tags": null,
            "tags_all": {},
            "timeouts": null,
            "upgrade_policy": [
              {
                "support_type": "EXTENDED"
              }
            ],
            "version": "1.29",
            "vpc_config": [
              {
                "cluster_security_group_id": "sg-066c50f1670edf384",
                "endpoint_private_access": false,
                "endpoint_public_access": true,
                "public_access_cidrs": [
                  "0.0.0.0/0"
                ],
                "security_group_ids": null,
                "subnet_ids": [
                  "subnet-0140a1a62cee859e1",
                  "subnet-0143481861334298b"
                ],
                "vpc_id": "vpc-04fb016db5250a34a"
              }
            ],
            "zonal_shift_config": []
          },
          "sensitive_attributes": [],
          "identity_schema_version": 0,
          "identity": {
            "account_id": "636449817691",
            "name": "task-mgmt-eks",
            "region": "us-east-1"
          },
          "private": "eyJlMmJmYjczMC1lY2FhLTExZTYtOGY4OC0zNDM2M2JjN2M0YzAiOnsiY3JlYXRlIjoxODAwMDAwMDAwMDAwLCJkZWxldGUiOjkwMDAwMDAwMDAwMCwidXBkYXRlIjozNjAwMDAwMDAwMDAwfSwic2NoZW1hX3ZlcnNpb24iOiIxIn0=",
          "dependencies": [
            "data.aws_subnets.default",
            "data.aws_vpc.default"
          ]
        }
      ]
    }
  ],
  "check_results": null
}
