{
  "version": 4,
  "terraform_version": "1.15.4",
  "serial": 49,
  "lineage": "aa5319ef-293a-6c49-10a3-ed0dd05ff67f",
  "outputs": {
    "cluster_certificate_authority_data": {
      "value": "LS0tLS1CRUdJTiBDRVJUSUZJQ0FURS0tLS0tCk1JSURCVENDQWUyZ0F3SUJBZ0lJUjdwSEZlSXNTQzR3RFFZSktvWklodmNOQVFFTEJRQXdGVEVUTUJFR0ExVUUKQXhNS2EzVmlaWEp1WlhSbGN6QWVGdzB5TmpBMk1EUXhOekkwTXpCYUZ3MHpOakEyTURFeE56STVNekJhTUJVeApFekFSQmdOVkJBTVRDbXQxWW1WeWJtVjBaWE13Z2dFaU1BMEdDU3FHU0liM0RRRUJBUVVBQTRJQkR3QXdnZ0VLCkFvSUJBUURMa0NMSnVXNE9PVEY0a0dNWmI3dVpaUWw5SjVkN25RM09pUjN3WW1lemxUUTdEOUI3RjNEc3NyVmYKd3dZMzlMRGNOMllQRlBOYWJBb1oxbkl1TGVSaWJKQ3Z4YUJJSkxQL1BNTGMya2xsRVZEMlRtaXJOTVpxVFVUcwpLdTVmaUh0Si9HMmxkWithd0FXQ3RieElSb01HbzhCKzN1bkVCZUZSNHZlek82U2JCUUNDcE5OZ0h0NE9EUDZ4CjJxbHhSZndQcEd2RGgxSVBLSENNRDF5R0lBVy9XZG8wQi9kM2FMR0hKWjFQeFlRTVlWZHJ4cHdmMjlocFZMQmEKVGNNUlV6MTNtU0F3UWJhYkRGWjFGNFEydlNuL25PaGZic0lSSjRQejVUUThwNU9DVkdybkYxQW5HbWVpMmJuUQowRXd5bkdMOHY3WGtRVVdKSFAvbjZDazFCVmN6QWdNQkFBR2pXVEJYTUE0R0ExVWREd0VCL3dRRUF3SUNwREFQCkJnTlZIUk1CQWY4RUJUQURBUUgvTUIwR0ExVWREZ1FXQkJUOURFbVlCSU5zRHEzMHRES2lGM3cwSUpZWEp6QVYKQmdOVkhSRUVEakFNZ2dwcmRXSmxjbTVsZEdWek1BMEdDU3FHU0liM0RRRUJDd1VBQTRJQkFRQkM0U1Q0UGhlMwpJcXY4ZXpjam80TTYwazh0a0RCaDhVNmVIQVNLbnE2QjJ3V1VINXkyYkRjdVk0VWFKOTlQZEZ0U3lHbkZlL2lrCjVMcStwRDI5U2Vua0JseFdjdVhvZXBzeDZHbXpPZ2hVMWF1MExRMmtkZlhMaytmTC9IVVEwZlIzcldvN2hBaUUKcFRqQTRIa3JEWDg1bDN6OXdQa3MwQjE5eEltSTI1bVI3RTZTODNnN3Frbkg4VkJoeklMOTlmRVhRTlJkWHUyWApBb2hnMGNMcHFENW9KYXFMZHAxcVB5Z2cwL2g0TUE1UkNtdFZ4L1pMZjZaR0h6UU1yenN6RVdCYlNSeHAyUXU0CkxNVWc5L3dYYm13QUpuVmtCT1VzNmZ3VDdoUW9DTkhJbXBUc0lqa2UxeFJYR085NWx0dE1iRUx2dTNQU3g5SjkKS0RLS2dJbU1QWXg1Ci0tLS0tRU5EIENFUlRJRklDQVRFLS0tLS0K",
      "type": "string"
    },
    "cluster_endpoint": {
      "value": "https://AEE883B75C0D70129B8F9DE20CE5F267.sk1.us-east-1.eks.amazonaws.com",
      "type": "string"
    },
    "cluster_name": {
      "value": "task-mgmt-eks",
      "type": "string"
    },
    "ecr_task_service": {
      "value": "636449817691.dkr.ecr.us-east-1.amazonaws.com/task-service",
      "type": "string"
    },
    "ecr_ui_service": {
      "value": "636449817691.dkr.ecr.us-east-1.amazonaws.com/ui-service",
      "type": "string"
    },
    "ecr_user_service": {
      "value": "636449817691.dkr.ecr.us-east-1.amazonaws.com/user-service",
      "type": "string"
    }
  },
  "resources": [
    {
      "mode": "data",
      "type": "aws_subnets",
      "name": "all_default",
      "provider": "provider[\"registry.terraform.io/hashicorp/aws\"]",
      "instances": [
        {
          "schema_version": 0,
          "attributes": {
            "filter": [
              {
                "name": "vpc-id",
                "values": [
                  "vpc-0489a0e98598d56cd"
                ]
              }
            ],
            "id": "us-east-1",
            "ids": [
              "subnet-0be0d37da9b24ad0c",
              "subnet-0e7338c4af98eefdb",
              "subnet-0d8fd7be2332e00cf",
              "subnet-09c296dadfc12770b",
              "subnet-0899becb4d2990f81",
              "subnet-0b397324b7ebab80c"
            ],
            "region": "us-east-1",
            "tags": null,
            "timeouts": null
          },
          "sensitive_attributes": [],
          "identity_schema_version": 0
        }
      ]
    },
    {
      "mode": "data",
      "type": "aws_subnets",
      "name": "default",
      "provider": "provider[\"registry.terraform.io/hashicorp/aws\"]",
      "instances": [
        {
          "schema_version": 0,
          "attributes": {
            "filter": [
              {
                "name": "availability-zone",
                "values": [
                  "us-east-1a",
                  "us-east-1b",
                  "us-east-1c",
                  "us-east-1d",
                  "us-east-1f"
                ]
              },
              {
                "name": "vpc-id",
                "values": [
                  "vpc-0489a0e98598d56cd"
                ]
              }
            ],
            "id": "us-east-1",
            "ids": [
              "subnet-0be0d37da9b24ad0c",
              "subnet-0e7338c4af98eefdb",
              "subnet-0d8fd7be2332e00cf",
              "subnet-09c296dadfc12770b",
              "subnet-0b397324b7ebab80c"
            ],
            "region": "us-east-1",
            "tags": null,
            "timeouts": null
          },
          "sensitive_attributes": [],
          "identity_schema_version": 0
        }
      ]
    },
    {
      "mode": "data",
      "type": "aws_vpc",
      "name": "default",
      "provider": "provider[\"registry.terraform.io/hashicorp/aws\"]",
      "instances": [
        {
          "schema_version": 0,
          "attributes": {
            "arn": "arn:aws:ec2:us-east-1:636449817691:vpc/vpc-0489a0e98598d56cd",
            "cidr_block": "172.31.0.0/16",
            "cidr_block_associations": [
              {
                "association_id": "vpc-cidr-assoc-075fdf52cd35aeb02",
                "cidr_block": "172.31.0.0/16",
                "state": "associated"
              }
            ],
            "default": true,
            "dhcp_options_id": "dopt-077a63fa2fe988f39",
            "enable_dns_hostnames": true,
            "enable_dns_support": true,
            "enable_network_address_usage_metrics": false,
            "filter": null,
            "id": "vpc-0489a0e98598d56cd",
            "instance_tenancy": "default",
            "ipv6_association_id": "",
            "ipv6_cidr_block": "",
            "main_route_table_id": "rtb-0d304f3e25a3829e1",
            "owner_id": "636449817691",
            "region": "us-east-1",
            "state": null,
            "tags": {},
            "timeouts": null
          },
          "sensitive_attributes": [],
          "identity_schema_version": 0
        }
      ]
    },
    {
      "mode": "managed",
      "type": "aws_ecr_repository",
      "name": "task_service",
      "provider": "provider[\"registry.terraform.io/hashicorp/aws\"]",
      "instances": [
        {
          "schema_version": 0,
          "attributes": {
            "arn": "arn:aws:ecr:us-east-1:636449817691:repository/task-service",
            "encryption_configuration": [
              {
                "encryption_type": "AES256",
                "kms_key": ""
              }
            ],
            "force_delete": null,
            "id": "task-service",
            "image_scanning_configuration": [
              {
                "scan_on_push": false
              }
            ],
            "image_tag_mutability": "MUTABLE",
            "image_tag_mutability_exclusion_filter": [],
            "name": "task-service",
            "region": "us-east-1",
            "registry_id": "636449817691",
            "repository_url": "636449817691.dkr.ecr.us-east-1.amazonaws.com/task-service",
            "tags": {},
            "tags_all": {},
            "timeouts": null
          },
          "sensitive_attributes": [],
          "identity_schema_version": 0,
          "identity": {
            "account_id": "636449817691",
            "name": "task-service",
            "region": "us-east-1"
          },
          "private": "eyJlMmJmYjczMC1lY2FhLTExZTYtOGY4OC0zNDM2M2JjN2M0YzAiOnsiZGVsZXRlIjoxMjAwMDAwMDAwMDAwfX0="
        }
      ]
    },
    {
      "mode": "managed",
      "type": "aws_ecr_repository",
      "name": "ui_service",
      "provider": "provider[\"registry.terraform.io/hashicorp/aws\"]",
      "instances": [
        {
          "schema_version": 0,
          "attributes": {
            "arn": "arn:aws:ecr:us-east-1:636449817691:repository/ui-service",
            "encryption_configuration": [
              {
                "encryption_type": "AES256",
                "kms_key": ""
              }
            ],
            "force_delete": null,
            "id": "ui-service",
            "image_scanning_configuration": [
              {
                "scan_on_push": false
              }
            ],
            "image_tag_mutability": "MUTABLE",
            "image_tag_mutability_exclusion_filter": [],
            "name": "ui-service",
            "region": "us-east-1",
            "registry_id": "636449817691",
            "repository_url": "636449817691.dkr.ecr.us-east-1.amazonaws.com/ui-service",
            "tags": {},
            "tags_all": {},
            "timeouts": null
          },
          "sensitive_attributes": [],
          "identity_schema_version": 0,
          "identity": {
            "account_id": "636449817691",
            "name": "ui-service",
            "region": "us-east-1"
          },
          "private": "eyJlMmJmYjczMC1lY2FhLTExZTYtOGY4OC0zNDM2M2JjN2M0YzAiOnsiZGVsZXRlIjoxMjAwMDAwMDAwMDAwfX0="
        }
      ]
    },
    {
      "mode": "managed",
      "type": "aws_ecr_repository",
      "name": "user_service",
      "provider": "provider[\"registry.terraform.io/hashicorp/aws\"]",
      "instances": [
        {
          "schema_version": 0,
          "attributes": {
            "arn": "arn:aws:ecr:us-east-1:636449817691:repository/user-service",
            "encryption_configuration": [
              {
                "encryption_type": "AES256",
                "kms_key": ""
              }
            ],
            "force_delete": null,
            "id": "user-service",
            "image_scanning_configuration": [
              {
                "scan_on_push": false
              }
            ],
            "image_tag_mutability": "MUTABLE",
            "image_tag_mutability_exclusion_filter": [],
            "name": "user-service",
            "region": "us-east-1",
            "registry_id": "636449817691",
            "repository_url": "636449817691.dkr.ecr.us-east-1.amazonaws.com/user-service",
            "tags": {},
            "tags_all": {},
            "timeouts": null
          },
          "sensitive_attributes": [],
          "identity_schema_version": 0,
          "identity": {
            "account_id": "636449817691",
            "name": "user-service",
            "region": "us-east-1"
          },
          "private": "eyJlMmJmYjczMC1lY2FhLTExZTYtOGY4OC0zNDM2M2JjN2M0YzAiOnsiZGVsZXRlIjoxMjAwMDAwMDAwMDAwfX0="
        }
      ]
    }
  ],
  "check_results": null
}
