{
  "version": 4,
  "terraform_version": "1.15.4",
  "serial": 131,
  "lineage": "aa5319ef-293a-6c49-10a3-ed0dd05ff67f",
  "outputs": {
    "cluster_certificate_authority_data": {
      "value": "LS0tLS1CRUdJTiBDRVJUSUZJQ0FURS0tLS0tCk1JSURCVENDQWUyZ0F3SUJBZ0lJVDFTZ1JudFE0eUF3RFFZSktvWklodmNOQVFFTEJRQXdGVEVUTUJFR0ExVUUKQXhNS2EzVmlaWEp1WlhSbGN6QWVGdzB5TmpBMk1EVXlNREk0TVRaYUZ3MHpOakEyTURJeU1ETXpNVFphTUJVeApFekFSQmdOVkJBTVRDbXQxWW1WeWJtVjBaWE13Z2dFaU1BMEdDU3FHU0liM0RRRUJBUVVBQTRJQkR3QXdnZ0VLCkFvSUJBUUN5VFZOYmhSNnFtb0Q1bGVSaDhIMDhuTEFhZ3haZ3RzNm04TWE3anBmSjUvRk43RWdZWloxcWYrZDIKMklYTm5NdXorQ2hUanlra2pSZmM5VXhhVVIrZWtjZ1NTMTNlK0daTmNFV01uejUzZkNoYjVPZmtReGdQbFFLMwpHKzBTK0gyTU1CaEdtNjZadG1HdTlXeGRXTHAyYjN5V3FiL1FOeDdMNGlyVHFvVjFiVHlJdEdVQTdVUDYwNSt5ClJDRWU2YlpXVElGempKRTZUelU5Y0FRa1BlREJib0VIeFFKOHlEdE5iaUNWWVM2UXNFaTZBMkZWbXRvQkdsbTkKZExnL0Y3ZVpXUzVvR1QvdDJzcGN6SGhpaW9WdUVGVXBPMTAxOXpyelZJSlNXSzE5cjQ5V1NkQjU1Zk1FUEFIOApnalNIRzZSdWhQSkRMbFRaREF5ZlJQY3ZYMnRoQWdNQkFBR2pXVEJYTUE0R0ExVWREd0VCL3dRRUF3SUNwREFQCkJnTlZIUk1CQWY4RUJUQURBUUgvTUIwR0ExVWREZ1FXQkJUak1rejFXZEZFeTlLTWJCbm8wQ2JRQVZWLzFUQVYKQmdOVkhSRUVEakFNZ2dwcmRXSmxjbTVsZEdWek1BMEdDU3FHU0liM0RRRUJDd1VBQTRJQkFRQW13M2JjcGZndApVRVJ2Q3VqSCswQzd0N3FXeVVIWEEyQnh1WWI5VElVS2JIRi9rMWMzbG8ybUNGYmdvejdJSHdwcC80QXR6MDloCkNWamdpMFhrdHJnL21LZDN3cC95UEhpZkc0TFR0Z25PenJ0L1hMZ1lTcjA4dnBudVVtUEl6YWJtNGUrVytYeWIKd2xIbWxHWFN0OTlMaDlLVC9oTGpEVE1BeGJKZnl3a0hPdm5WdUlKZ0p2UEtyRm1kU0J0ZnN0OERENDlESWkwaQpOcWVCL0xvZkg4b1ZjTWJ2ZHRtZXRIU3VTUjFheGF3NkQxa2pOVkhyVDhIN21oR1ZIMVZyNTYyK0YrREVYQ0xqCmFkdFM4RFE0L2dUd0gwRUhkQ1hKNFEwUCtQWEh3aHNNeDVhMFJDYzdncXNSUHZZY0VabEV3K3lrQnl6Yk1Ya1gKUTVHVmpOTXJRdHBWCi0tLS0tRU5EIENFUlRJRklDQVRFLS0tLS0K",
      "type": "string"
    },
    "cluster_endpoint": {
      "value": "https://1852BE244F94BACDDC7BA7ADE5147862.yl4.us-east-1.eks.amazonaws.com",
      "type": "string"
    },
    "cluster_name": {
      "value": "task-mgmt-eks",
      "type": "string"
    },
    "ecr_task_service": {
      "value": "636449817691.dkr.ecr.us-east-1.amazonaws.com/task-service",
      "type": "string"
    },
    "ecr_ui_service": {
      "value": "636449817691.dkr.ecr.us-east-1.amazonaws.com/ui-service",
      "type": "string"
    },
    "ecr_user_service": {
      "value": "636449817691.dkr.ecr.us-east-1.amazonaws.com/user-service",
      "type": "string"
    }
  },
  "resources": [
    {
      "mode": "data",
      "type": "aws_subnets",
      "name": "all_default",
      "provider": "provider[\"registry.terraform.io/hashicorp/aws\"]",
      "instances": [
        {
          "schema_version": 0,
          "attributes": {
            "filter": [
              {
                "name": "vpc-id",
                "values": [
                  "vpc-0c94207014ae35563"
                ]
              }
            ],
            "id": "us-east-1",
            "ids": [
              "subnet-0e0f85e2877c9c409",
              "subnet-01de1174c6543690f",
              "subnet-0345867abd8facd31",
              "subnet-081f5b5c94c105695",
              "subnet-0ad1b0dd5524fa9f4",
              "subnet-0bf29ad8b44460084"
            ],
            "region": "us-east-1",
            "tags": null,
            "timeouts": null
          },
          "sensitive_attributes": [],
          "identity_schema_version": 0
        }
      ]
    },
    {
      "mode": "data",
      "type": "aws_subnets",
      "name": "default",
      "provider": "provider[\"registry.terraform.io/hashicorp/aws\"]",
      "instances": [
        {
          "schema_version": 0,
          "attributes": {
            "filter": [
              {
                "name": "availability-zone",
                "values": [
                  "us-east-1a",
                  "us-east-1b",
                  "us-east-1c",
                  "us-east-1d",
                  "us-east-1f"
                ]
              },
              {
                "name": "vpc-id",
                "values": [
                  "vpc-0c94207014ae35563"
                ]
              }
            ],
            "id": "us-east-1",
            "ids": [
              "subnet-0e0f85e2877c9c409",
              "subnet-01de1174c6543690f",
              "subnet-081f5b5c94c105695",
              "subnet-0ad1b0dd5524fa9f4",
              "subnet-0bf29ad8b44460084"
            ],
            "region": "us-east-1",
            "tags": null,
            "timeouts": null
          },
          "sensitive_attributes": [],
          "identity_schema_version": 0
        }
      ]
    },
    {
      "mode": "data",
      "type": "aws_vpc",
      "name": "default",
      "provider": "provider[\"registry.terraform.io/hashicorp/aws\"]",
      "instances": [
        {
          "schema_version": 0,
          "attributes": {
            "arn": "arn:aws:ec2:us-east-1:636449817691:vpc/vpc-0c94207014ae35563",
            "cidr_block": "172.31.0.0/16",
            "cidr_block_associations": [
              {
                "association_id": "vpc-cidr-assoc-017aa0f4c902ef98c",
                "cidr_block": "172.31.0.0/16",
                "state": "associated"
              }
            ],
            "default": true,
            "dhcp_options_id": "dopt-0f0819fa571a95091",
            "enable_dns_hostnames": true,
            "enable_dns_support": true,
            "enable_network_address_usage_metrics": false,
            "filter": null,
            "id": "vpc-0c94207014ae35563",
            "instance_tenancy": "default",
            "ipv6_association_id": "",
            "ipv6_cidr_block": "",
            "main_route_table_id": "rtb-0bec8e05835ccfcc2",
            "owner_id": "636449817691",
            "region": "us-east-1",
            "state": null,
            "tags": {},
            "timeouts": null
          },
          "sensitive_attributes": [],
          "identity_schema_version": 0
        }
      ]
    },
    {
      "mode": "managed",
      "type": "aws_ecr_repository",
      "name": "task_service",
      "provider": "provider[\"registry.terraform.io/hashicorp/aws\"]",
      "instances": [
        {
          "schema_version": 0,
          "attributes": {
            "arn": "arn:aws:ecr:us-east-1:636449817691:repository/task-service",
            "encryption_configuration": [
              {
                "encryption_type": "AES256",
                "kms_key": ""
              }
            ],
            "force_delete": null,
            "id": "task-service",
            "image_scanning_configuration": [
              {
                "scan_on_push": false
              }
            ],
            "image_tag_mutability": "MUTABLE",
            "image_tag_mutability_exclusion_filter": [],
            "name": "task-service",
            "region": "us-east-1",
            "registry_id": "636449817691",
            "repository_url": "636449817691.dkr.ecr.us-east-1.amazonaws.com/task-service",
            "tags": {},
            "tags_all": {},
            "timeouts": null
          },
          "sensitive_attributes": [],
          "identity_schema_version": 0,
          "identity": {
            "account_id": "636449817691",
            "name": "task-service",
            "region": "us-east-1"
          },
          "private": "eyJlMmJmYjczMC1lY2FhLTExZTYtOGY4OC0zNDM2M2JjN2M0YzAiOnsiZGVsZXRlIjoxMjAwMDAwMDAwMDAwfX0="
        }
      ]
    },
    {
      "mode": "managed",
      "type": "aws_ecr_repository",
      "name": "ui_service",
      "provider": "provider[\"registry.terraform.io/hashicorp/aws\"]",
      "instances": [
        {
          "schema_version": 0,
          "attributes": {
            "arn": "arn:aws:ecr:us-east-1:636449817691:repository/ui-service",
            "encryption_configuration": [
              {
                "encryption_type": "AES256",
                "kms_key": ""
              }
            ],
            "force_delete": null,
            "id": "ui-service",
            "image_scanning_configuration": [
              {
                "scan_on_push": false
              }
            ],
            "image_tag_mutability": "MUTABLE",
            "image_tag_mutability_exclusion_filter": [],
            "name": "ui-service",
            "region": "us-east-1",
            "registry_id": "636449817691",
            "repository_url": "636449817691.dkr.ecr.us-east-1.amazonaws.com/ui-service",
            "tags": {},
            "tags_all": {},
            "timeouts": null
          },
          "sensitive_attributes": [],
          "identity_schema_version": 0,
          "identity": {
            "account_id": "636449817691",
            "name": "ui-service",
            "region": "us-east-1"
          },
          "private": "eyJlMmJmYjczMC1lY2FhLTExZTYtOGY4OC0zNDM2M2JjN2M0YzAiOnsiZGVsZXRlIjoxMjAwMDAwMDAwMDAwfX0="
        }
      ]
    },
    {
      "mode": "managed",
      "type": "aws_ecr_repository",
      "name": "user_service",
      "provider": "provider[\"registry.terraform.io/hashicorp/aws\"]",
      "instances": [
        {
          "schema_version": 0,
          "attributes": {
            "arn": "arn:aws:ecr:us-east-1:636449817691:repository/user-service",
            "encryption_configuration": [
              {
                "encryption_type": "AES256",
                "kms_key": ""
              }
            ],
            "force_delete": null,
            "id": "user-service",
            "image_scanning_configuration": [
              {
                "scan_on_push": false
              }
            ],
            "image_tag_mutability": "MUTABLE",
            "image_tag_mutability_exclusion_filter": [],
            "name": "user-service",
            "region": "us-east-1",
            "registry_id": "636449817691",
            "repository_url": "636449817691.dkr.ecr.us-east-1.amazonaws.com/user-service",
            "tags": {},
            "tags_all": {},
            "timeouts": null
          },
          "sensitive_attributes": [],
          "identity_schema_version": 0,
          "identity": {
            "account_id": "636449817691",
            "name": "user-service",
            "region": "us-east-1"
          },
          "private": "eyJlMmJmYjczMC1lY2FhLTExZTYtOGY4OC0zNDM2M2JjN2M0YzAiOnsiZGVsZXRlIjoxMjAwMDAwMDAwMDAwfX0="
        }
      ]
    }
  ],
  "check_results": null
}
